// !$*UTF8*$!
{
	archiveVersion = 1;
	classes = {
	};
	objectVersion = 52;
	objects = {

/* Begin PBXBuildFile section */
		2B02347E244CED76001550CC /* ServerItem.swift in Sources */ = {isa = PBXBuildFile; fileRef = 2B02347D244CED76001550CC /* ServerItem.swift */; };
		2B023480244D094C001550CC /* ProfileLoginViewModel.swift in Sources */ = {isa = PBXBuildFile; fileRef = 2B02347F244D094C001550CC /* ProfileLoginViewModel.swift */; };
		2B0D45B4244D3AA20051F8AB /* ValidationExtensions.swift in Sources */ = {isa = PBXBuildFile; fileRef = 2B0D45B3244D3AA20051F8AB /* ValidationExtensions.swift */; };
		2B0D45B6244FDE130051F8AB /* ProfileLoginViewModelValidator.swift in Sources */ = {isa = PBXBuildFile; fileRef = 2B0D45B5244FDE130051F8AB /* ProfileLoginViewModelValidator.swift */; };
		2B0D45B8244FDE910051F8AB /* MainProfileLoginViewModelValidator.swift in Sources */ = {isa = PBXBuildFile; fileRef = 2B0D45B7244FDE910051F8AB /* MainProfileLoginViewModelValidator.swift */; };
		2B0D45BA244FFB1F0051F8AB /* DefaultProfileServerMapperTests.swift in Sources */ = {isa = PBXBuildFile; fileRef = 2B0D45B9244FFB1F0051F8AB /* DefaultProfileServerMapperTests.swift */; };
		2B1117162449436600AA839B /* UIColorExtensions.swift in Sources */ = {isa = PBXBuildFile; fileRef = 2B1117152449436600AA839B /* UIColorExtensions.swift */; };
		2B1185C12448289900D28B68 /* ProfileServerItemTableViewCell.swift in Sources */ = {isa = PBXBuildFile; fileRef = 2B1185C02448289900D28B68 /* ProfileServerItemTableViewCell.swift */; };
		2B19B6082364F06B00F5E8D5 /* DoorLock.swift in Sources */ = {isa = PBXBuildFile; fileRef = 2B19B6072364F06B00F5E8D5 /* DoorLock.swift */; };
		2B19B60A2364FAA500F5E8D5 /* GasCylinder.swift in Sources */ = {isa = PBXBuildFile; fileRef = 2B19B6092364FAA500F5E8D5 /* GasCylinder.swift */; };
		2B19B60C2364FAEE00F5E8D5 /* WindowShade.swift in Sources */ = {isa = PBXBuildFile; fileRef = 2B19B60B2364FAEE00F5E8D5 /* WindowShade.swift */; };
		2B19B60F23662C4600F5E8D5 /* ProfileDevice.swift in Sources */ = {isa = PBXBuildFile; fileRef = 2B19B60E23662C4600F5E8D5 /* ProfileDevice.swift */; };
		2B19B61123664A5C00F5E8D5 /* EUI48AddressTests.swift in Sources */ = {isa = PBXBuildFile; fileRef = 2B19B61023664A5C00F5E8D5 /* EUI48AddressTests.swift */; };
		2B19B61323667E7100F5E8D5 /* DeviceMapper.swift in Sources */ = {isa = PBXBuildFile; fileRef = 2B19B61223667E7100F5E8D5 /* DeviceMapper.swift */; };
		2B19B61523667F0300F5E8D5 /* ProfileDeviceMapper.swift in Sources */ = {isa = PBXBuildFile; fileRef = 2B19B61423667F0300F5E8D5 /* ProfileDeviceMapper.swift */; };
		2B2CB88B23F8A1F700F78A5B /* ProfileRequestInterceptor.swift in Sources */ = {isa = PBXBuildFile; fileRef = 2B2CB88A23F8A1F700F78A5B /* ProfileRequestInterceptor.swift */; };
		2B45D02024267DD7003DCD47 /* ProfileLoginServiceTests.swift in Sources */ = {isa = PBXBuildFile; fileRef = 2B45D01F24267DD7003DCD47 /* ProfileLoginServiceTests.swift */; };
		2B45D02624271C2A003DCD47 /* AlamofireOAuthApi.swift in Sources */ = {isa = PBXBuildFile; fileRef = 2B45D02524271C2A003DCD47 /* AlamofireOAuthApi.swift */; };
		2B45D02A242861C4003DCD47 /* OAuthResourceOwnerGrantRequest.swift in Sources */ = {isa = PBXBuildFile; fileRef = 2B45D029242861C4003DCD47 /* OAuthResourceOwnerGrantRequest.swift */; };
		2B45D02C2428628C003DCD47 /* OAuthRefreshTokenGrantRequest.swift in Sources */ = {isa = PBXBuildFile; fileRef = 2B45D02B2428628C003DCD47 /* OAuthRefreshTokenGrantRequest.swift */; };
		2B5430F7245D152600D598F2 /* AlamofireExtensions.swift in Sources */ = {isa = PBXBuildFile; fileRef = 2B5430F6245D152600D598F2 /* AlamofireExtensions.swift */; };
		2B5430F9245D182E00D598F2 /* LoginRequest.swift in Sources */ = {isa = PBXBuildFile; fileRef = 2B5430F8245D182E00D598F2 /* LoginRequest.swift */; };
		2B5430FB245E0E0600D598F2 /* RequestProcessor.swift in Sources */ = {isa = PBXBuildFile; fileRef = 2B5430FA245E0E0600D598F2 /* RequestProcessor.swift */; };
		2B5430FF245F2BF600D598F2 /* ApiFactory.swift in Sources */ = {isa = PBXBuildFile; fileRef = 2B5430FE245F2BF600D598F2 /* ApiFactory.swift */; };
		2B543101245F2C4F00D598F2 /* AlamofireApiFactory.swift in Sources */ = {isa = PBXBuildFile; fileRef = 2B543100245F2C4F00D598F2 /* AlamofireApiFactory.swift */; };
		2B543103245F598200D598F2 /* ServerResolver.swift in Sources */ = {isa = PBXBuildFile; fileRef = 2B543102245F598200D598F2 /* ServerResolver.swift */; };
		2B543105245F6F2D00D598F2 /* ProfileServerResolver.swift in Sources */ = {isa = PBXBuildFile; fileRef = 2B543104245F6F2D00D598F2 /* ProfileServerResolver.swift */; };
		2B543108246107E600D598F2 /* LoginActionViewController.swift in Sources */ = {isa = PBXBuildFile; fileRef = 2B543107246107E600D598F2 /* LoginActionViewController.swift */; };
		2B54310A246108B400D598F2 /* LoginActionView.swift in Sources */ = {isa = PBXBuildFile; fileRef = 2B543109246108B400D598F2 /* LoginActionView.swift */; };
		2B54310C2461099D00D598F2 /* ProfileLoginRequestItem.swift in Sources */ = {isa = PBXBuildFile; fileRef = 2B54310B2461099D00D598F2 /* ProfileLoginRequestItem.swift */; };
		2B54310E24610AF600D598F2 /* LoginActionPresenter.swift in Sources */ = {isa = PBXBuildFile; fileRef = 2B54310D24610AF600D598F2 /* LoginActionPresenter.swift */; };
		2B54311024610B0200D598F2 /* MainLoginActionPresenter.swift in Sources */ = {isa = PBXBuildFile; fileRef = 2B54310F24610B0200D598F2 /* MainLoginActionPresenter.swift */; };
		2B54311224610B3F00D598F2 /* ProfileLoginRequestItemTableViewCell.swift in Sources */ = {isa = PBXBuildFile; fileRef = 2B54311124610B3F00D598F2 /* ProfileLoginRequestItemTableViewCell.swift */; };
		2B5431142461225F00D598F2 /* SQLiteRequestLogItem.swift in Sources */ = {isa = PBXBuildFile; fileRef = 2B5431132461225F00D598F2 /* SQLiteRequestLogItem.swift */; };
		2B543116246122D600D598F2 /* RequestLogItem.swift in Sources */ = {isa = PBXBuildFile; fileRef = 2B543115246122D600D598F2 /* RequestLogItem.swift */; };
		2B5431182462695200D598F2 /* LoginResult.swift in Sources */ = {isa = PBXBuildFile; fileRef = 2B5431172462695200D598F2 /* LoginResult.swift */; };
		2B581AE52314E7CA007D0D86 /* AppDelegate.swift in Sources */ = {isa = PBXBuildFile; fileRef = 2B581AE42314E7CA007D0D86 /* AppDelegate.swift */; };
		2B581AEE2314E7CB007D0D86 /* Assets.xcassets in Resources */ = {isa = PBXBuildFile; fileRef = 2B581AED2314E7CB007D0D86 /* Assets.xcassets */; };
		2B581AF12314E7CB007D0D86 /* LaunchScreen.storyboard in Resources */ = {isa = PBXBuildFile; fileRef = 2B581AEF2314E7CB007D0D86 /* LaunchScreen.storyboard */; };
		2B581AFC2314E7CB007D0D86 /* devicecontrol_iosTests.swift in Sources */ = {isa = PBXBuildFile; fileRef = 2B581AFB2314E7CB007D0D86 /* devicecontrol_iosTests.swift */; };
		2B581B072314E7CB007D0D86 /* devicecontrol_iosUITests.swift in Sources */ = {isa = PBXBuildFile; fileRef = 2B581B062314E7CB007D0D86 /* devicecontrol_iosUITests.swift */; };
		2B63D2ED243C42BC0072ECB3 /* ScanningNearbyProfileService.swift in Sources */ = {isa = PBXBuildFile; fileRef = 2B63D2EC243C42BC0072ECB3 /* ScanningNearbyProfileService.swift */; };
		2B63D2EF243C488B0072ECB3 /* MulticastNearbyProfileScanner.swift in Sources */ = {isa = PBXBuildFile; fileRef = 2B63D2EE243C488B0072ECB3 /* MulticastNearbyProfileScanner.swift */; };
		2B63D2F3243D78FB0072ECB3 /* SideMenu in Frameworks */ = {isa = PBXBuildFile; productRef = 2B63D2F2243D78FB0072ECB3 /* SideMenu */; };
		2B63D2F6243D7B590072ECB3 /* SQLite in Frameworks */ = {isa = PBXBuildFile; productRef = 2B63D2F5243D7B590072ECB3 /* SQLite */; };
		2B63D2F9243D7B7C0072ECB3 /* Alamofire in Frameworks */ = {isa = PBXBuildFile; productRef = 2B63D2F8243D7B7C0072ECB3 /* Alamofire */; };
		2B63D2FC243D7C8F0072ECB3 /* NIO in Frameworks */ = {isa = PBXBuildFile; productRef = 2B63D2FB243D7C8F0072ECB3 /* NIO */; };
		2B63D2FE243D85310072ECB3 /* MulticastNearbyProfileScannerTests.swift in Sources */ = {isa = PBXBuildFile; fileRef = 2B63D2FD243D85310072ECB3 /* MulticastNearbyProfileScannerTests.swift */; };
		2B6D7E3B2320C5EF00081579 /* MainViewController.swift in Sources */ = {isa = PBXBuildFile; fileRef = 2B6D7E3A2320C5EF00081579 /* MainViewController.swift */; };
		2B6D7E3D2320C7FE00081579 /* HomeViewController.swift in Sources */ = {isa = PBXBuildFile; fileRef = 2B6D7E3C2320C7FE00081579 /* HomeViewController.swift */; };
		2B6D7E3F2320C81000081579 /* DevicesViewController.swift in Sources */ = {isa = PBXBuildFile; fileRef = 2B6D7E3E2320C81000081579 /* DevicesViewController.swift */; };
		2B6D7E412320C82000081579 /* SettingsViewController.swift in Sources */ = {isa = PBXBuildFile; fileRef = 2B6D7E402320C82000081579 /* SettingsViewController.swift */; };
		2B72E627235235E400F85258 /* Device.swift in Sources */ = {isa = PBXBuildFile; fileRef = 2B72E626235235E400F85258 /* Device.swift */; };
		2B72E6292352375000F85258 /* DeviceType.swift in Sources */ = {isa = PBXBuildFile; fileRef = 2B72E6282352375000F85258 /* DeviceType.swift */; };
		2B72E62B23523B5E00F85258 /* EUI48Address.swift in Sources */ = {isa = PBXBuildFile; fileRef = 2B72E62A23523B5E00F85258 /* EUI48Address.swift */; };
		2B72E62D23523EF800F85258 /* CachedDevice.swift in Sources */ = {isa = PBXBuildFile; fileRef = 2B72E62C23523EF800F85258 /* CachedDevice.swift */; };
		2B72E630235245AF00F85258 /* ProfileApi.swift in Sources */ = {isa = PBXBuildFile; fileRef = 2B72E62F235245AF00F85258 /* ProfileApi.swift */; };
		2B72E6362352497C00F85258 /* ProfileDevicesPresenter.swift in Sources */ = {isa = PBXBuildFile; fileRef = 2B72E6352352497C00F85258 /* ProfileDevicesPresenter.swift */; };
		2B72E63823524BF300F85258 /* DevicesView.swift in Sources */ = {isa = PBXBuildFile; fileRef = 2B72E63723524BF300F85258 /* DevicesView.swift */; };
		2B72E63A2352DD3C00F85258 /* ProfileDeviceService.swift in Sources */ = {isa = PBXBuildFile; fileRef = 2B72E6392352DD3C00F85258 /* ProfileDeviceService.swift */; };
		2B72E63E2352E80E00F85258 /* CacheFactory.swift in Sources */ = {isa = PBXBuildFile; fileRef = 2B72E63D2352E80E00F85258 /* CacheFactory.swift */; };
		2B72E6402352E98500F85258 /* UserDefaultsCacheFactory.swift in Sources */ = {isa = PBXBuildFile; fileRef = 2B72E63F2352E98500F85258 /* UserDefaultsCacheFactory.swift */; };
		2B7343AC23220B930096DED4 /* UIImageExtensions.swift in Sources */ = {isa = PBXBuildFile; fileRef = 2B7343AB23220B930096DED4 /* UIImageExtensions.swift */; };
		2B7343AE23229DEE0096DED4 /* fa-solid-900.ttf in Resources */ = {isa = PBXBuildFile; fileRef = 2B7343AD23229DEE0096DED4 /* fa-solid-900.ttf */; };
		2B758697234BCC45006B2E56 /* DeviceService.swift in Sources */ = {isa = PBXBuildFile; fileRef = 2B758696234BCC45006B2E56 /* DeviceService.swift */; };
		2B758699234BD057006B2E56 /* DevicesPresenter.swift in Sources */ = {isa = PBXBuildFile; fileRef = 2B758698234BD057006B2E56 /* DevicesPresenter.swift */; };
		2B75869D234BD444006B2E56 /* Message.swift in Sources */ = {isa = PBXBuildFile; fileRef = 2B75869C234BD444006B2E56 /* Message.swift */; };
		2B7A75EA24395753007C01A2 /* PermissionType.swift in Sources */ = {isa = PBXBuildFile; fileRef = 2B7A75E924395753007C01A2 /* PermissionType.swift */; };
		2B7A75EC24396596007C01A2 /* ProfileServer.swift in Sources */ = {isa = PBXBuildFile; fileRef = 2B7A75EB24396596007C01A2 /* ProfileServer.swift */; };
		2B7A75EE243966EB007C01A2 /* SQLiteProfileServer.swift in Sources */ = {isa = PBXBuildFile; fileRef = 2B7A75ED243966EB007C01A2 /* SQLiteProfileServer.swift */; };
		2B7A75F024396E17007C01A2 /* LoginTokenRepository.swift in Sources */ = {isa = PBXBuildFile; fileRef = 2B7A75EF24396E17007C01A2 /* LoginTokenRepository.swift */; };
		2B7A75F224397B5D007C01A2 /* SQLiteLoginToken.swift in Sources */ = {isa = PBXBuildFile; fileRef = 2B7A75F124397B5D007C01A2 /* SQLiteLoginToken.swift */; };
		2B7A75F4243995F0007C01A2 /* SQLiteProfileLogin.swift in Sources */ = {isa = PBXBuildFile; fileRef = 2B7A75F3243995F0007C01A2 /* SQLiteProfileLogin.swift */; };
		2B7A75F62439A37F007C01A2 /* SQLiteTable.swift in Sources */ = {isa = PBXBuildFile; fileRef = 2B7A75F52439A37F007C01A2 /* SQLiteTable.swift */; };
		2B7A75FF243A84B2007C01A2 /* RepositoryFactory.swift in Sources */ = {isa = PBXBuildFile; fileRef = 2B7A75FE243A84B2007C01A2 /* RepositoryFactory.swift */; };
		2B7A7601243A8520007C01A2 /* SQLiteRepositoryFactory.swift in Sources */ = {isa = PBXBuildFile; fileRef = 2B7A7600243A8520007C01A2 /* SQLiteRepositoryFactory.swift */; };
		2B7A7603243A8B2A007C01A2 /* SQLiteLoginTokenRepsitory.swift in Sources */ = {isa = PBXBuildFile; fileRef = 2B7A7602243A8B2A007C01A2 /* SQLiteLoginTokenRepsitory.swift */; };
		2B7A7605243AB7FF007C01A2 /* NearbyProfileService.swift in Sources */ = {isa = PBXBuildFile; fileRef = 2B7A7604243AB7FF007C01A2 /* NearbyProfileService.swift */; };
		2B7A7607243ABAFC007C01A2 /* ServiceBeaconMessage.swift in Sources */ = {isa = PBXBuildFile; fileRef = 2B7A7606243ABAFC007C01A2 /* ServiceBeaconMessage.swift */; };
		2B7A760C243AF385007C01A2 /* NearbyProfileScanner.swift in Sources */ = {isa = PBXBuildFile; fileRef = 2B7A760B243AF385007C01A2 /* NearbyProfileScanner.swift */; };
		2B84698C234EBC8E00234153 /* CachedMessage.swift in Sources */ = {isa = PBXBuildFile; fileRef = 2B84698B234EBC8E00234153 /* CachedMessage.swift */; };
		2B84698E234EC50800234153 /* SerializationTests.swift in Sources */ = {isa = PBXBuildFile; fileRef = 2B84698D234EC50800234153 /* SerializationTests.swift */; };
		2B86C56F23F6677A00D502A2 /* View.swift in Sources */ = {isa = PBXBuildFile; fileRef = 2B86C56E23F6677A00D502A2 /* View.swift */; };
		2B86C57223F6737D00D502A2 /* LoginService.swift in Sources */ = {isa = PBXBuildFile; fileRef = 2B86C57123F6737D00D502A2 /* LoginService.swift */; };
		2B86C57423F6741300D502A2 /* ProfileLoginService.swift in Sources */ = {isa = PBXBuildFile; fileRef = 2B86C57323F6741300D502A2 /* ProfileLoginService.swift */; };
		2B86C57623F6753500D502A2 /* MenuPresenter.swift in Sources */ = {isa = PBXBuildFile; fileRef = 2B86C57523F6753500D502A2 /* MenuPresenter.swift */; };
		2B86C57823F6754700D502A2 /* ProfileMenuPresenter.swift in Sources */ = {isa = PBXBuildFile; fileRef = 2B86C57723F6754700D502A2 /* ProfileMenuPresenter.swift */; };
		2B86C57A23F675D300D502A2 /* MenuView.swift in Sources */ = {isa = PBXBuildFile; fileRef = 2B86C57923F675D300D502A2 /* MenuView.swift */; };
		2B8CFBC32341A30B000B7628 /* ProfileLogin.swift in Sources */ = {isa = PBXBuildFile; fileRef = 2B8CFBC22341A30B000B7628 /* ProfileLogin.swift */; };
		2B8CFBC72341A6F7000B7628 /* Permission.swift in Sources */ = {isa = PBXBuildFile; fileRef = 2B8CFBC62341A6F7000B7628 /* Permission.swift */; };
		2B8EA92D231A378900B404AF /* User.swift in Sources */ = {isa = PBXBuildFile; fileRef = 2B8EA92C231A378900B404AF /* User.swift */; };
		2B8EA933231DB1D300B404AF /* Cache.swift in Sources */ = {isa = PBXBuildFile; fileRef = 2B8EA932231DB1D300B404AF /* Cache.swift */; };
		2B8EA935231DB2C800B404AF /* UserDefaultsCache.swift in Sources */ = {isa = PBXBuildFile; fileRef = 2B8EA934231DB2C800B404AF /* UserDefaultsCache.swift */; };
		2BA05C572405ED190033F91F /* LoginToken.swift in Sources */ = {isa = PBXBuildFile; fileRef = 2BA05C562405ED190033F91F /* LoginToken.swift */; };
		2BA05C592406590D0033F91F /* OAuthApi.swift in Sources */ = {isa = PBXBuildFile; fileRef = 2BA05C582406590D0033F91F /* OAuthApi.swift */; };
		2BA237B9242FB930000B1F14 /* ProfileLoginRepository.swift in Sources */ = {isa = PBXBuildFile; fileRef = 2BA237B8242FB930000B1F14 /* ProfileLoginRepository.swift */; };
		2BA237BF242FBFA6000B1F14 /* SQLiteProfileLoginRepository.swift in Sources */ = {isa = PBXBuildFile; fileRef = 2BA237BE242FBFA6000B1F14 /* SQLiteProfileLoginRepository.swift */; };
		2BA237C524343BB2000B1F14 /* InMemoryCache.swift in Sources */ = {isa = PBXBuildFile; fileRef = 2BA237C424343BB2000B1F14 /* InMemoryCache.swift */; };
		2BA237C724344181000B1F14 /* InMemoryCacheFactory.swift in Sources */ = {isa = PBXBuildFile; fileRef = 2BA237C624344181000B1F14 /* InMemoryCacheFactory.swift */; };
		2BA4B0CC23FA2C1A00A3FC6A /* ProfileLoginitem.swift in Sources */ = {isa = PBXBuildFile; fileRef = 2BA4B0CB23FA2C1A00A3FC6A /* ProfileLoginitem.swift */; };
		2BA8A690242AFEF800B16588 /* NearbyProfileLoginViewController.swift in Sources */ = {isa = PBXBuildFile; fileRef = 2BA8A68F242AFEF800B16588 /* NearbyProfileLoginViewController.swift */; };
		2BA8A692242AFF8300B16588 /* NearbyProfileLoginView.swift in Sources */ = {isa = PBXBuildFile; fileRef = 2BA8A691242AFF8300B16588 /* NearbyProfileLoginView.swift */; };
		2BA8A694242B008200B16588 /* NearbyProfileLoginPresenter.swift in Sources */ = {isa = PBXBuildFile; fileRef = 2BA8A693242B008200B16588 /* NearbyProfileLoginPresenter.swift */; };
		2BA8A696242B02C000B16588 /* MainNearbyProfileLoginPresenter.swift in Sources */ = {isa = PBXBuildFile; fileRef = 2BA8A695242B02C000B16588 /* MainNearbyProfileLoginPresenter.swift */; };
		2BA8A698242B057000B16588 /* EditProfileLoginViewController.swift in Sources */ = {isa = PBXBuildFile; fileRef = 2BA8A697242B057000B16588 /* EditProfileLoginViewController.swift */; };
		2BA8A69A242B058000B16588 /* EditProfileLoginView.swift in Sources */ = {isa = PBXBuildFile; fileRef = 2BA8A699242B058000B16588 /* EditProfileLoginView.swift */; };
		2BA8A69C242B059700B16588 /* EditProfileLoginPresenter.swift in Sources */ = {isa = PBXBuildFile; fileRef = 2BA8A69B242B059700B16588 /* EditProfileLoginPresenter.swift */; };
		2BA8A69E242B05BA00B16588 /* MainEditProfileLoginPresenter.swift in Sources */ = {isa = PBXBuildFile; fileRef = 2BA8A69D242B05BA00B16588 /* MainEditProfileLoginPresenter.swift */; };
		2BA8C7E32445619000393475 /* UIStackViewExtensions.swift in Sources */ = {isa = PBXBuildFile; fileRef = 2BA8C7E22445619000393475 /* UIStackViewExtensions.swift */; };
		2BBC941923712C8A004D507D /* Presenter.swift in Sources */ = {isa = PBXBuildFile; fileRef = 2BBC941823712C8A004D507D /* Presenter.swift */; };
		2BD09BFF235EA9C90044116C /* AlamofireProfileApi.swift in Sources */ = {isa = PBXBuildFile; fileRef = 2BD09BFE235EA9C90044116C /* AlamofireProfileApi.swift */; };
		2BE46DEE2447F1700002EFEA /* GetStartedViewController.swift in Sources */ = {isa = PBXBuildFile; fileRef = 2BE46DED2447F1700002EFEA /* GetStartedViewController.swift */; };
		2BE46DF52447F5200002EFEA /* GetStartedPresenter.swift in Sources */ = {isa = PBXBuildFile; fileRef = 2BE46DF42447F5200002EFEA /* GetStartedPresenter.swift */; };
		2BE46DF72447F52C0002EFEA /* GetStartedView.swift in Sources */ = {isa = PBXBuildFile; fileRef = 2BE46DF62447F52C0002EFEA /* GetStartedView.swift */; };
		2BE46DF92447F56F0002EFEA /* MainGetStartedPresenter.swift in Sources */ = {isa = PBXBuildFile; fileRef = 2BE46DF82447F56F0002EFEA /* MainGetStartedPresenter.swift */; };
		2BED065E2442142B00659CD4 /* AnyEncodable.swift in Sources */ = {isa = PBXBuildFile; fileRef = 2BED06592442142B00659CD4 /* AnyEncodable.swift */; };
		2BED065F2442142B00659CD4 /* AnyCodable.swift in Sources */ = {isa = PBXBuildFile; fileRef = 2BED065A2442142B00659CD4 /* AnyCodable.swift */; };
		2BED06602442142B00659CD4 /* AnyDecodable.swift in Sources */ = {isa = PBXBuildFile; fileRef = 2BED065B2442142B00659CD4 /* AnyDecodable.swift */; };
		2BED066324424EDE00659CD4 /* ScanningNearbyProfileServiceListenerTests.swift in Sources */ = {isa = PBXBuildFile; fileRef = 2BED066224424EDE00659CD4 /* ScanningNearbyProfileServiceListenerTests.swift */; };
		2BED0665244277A400659CD4 /* ProfileServerItem.swift in Sources */ = {isa = PBXBuildFile; fileRef = 2BED0664244277A400659CD4 /* ProfileServerItem.swift */; };
		2BED06672442826800659CD4 /* ProfileLoginMapper.swift in Sources */ = {isa = PBXBuildFile; fileRef = 2BED06662442826800659CD4 /* ProfileLoginMapper.swift */; };
		2BED0669244282B000659CD4 /* DefaultProfileServerMapper.swift in Sources */ = {isa = PBXBuildFile; fileRef = 2BED0668244282B000659CD4 /* DefaultProfileServerMapper.swift */; };
		2BED066B2442DC9900659CD4 /* WindowStateManager.swift in Sources */ = {isa = PBXBuildFile; fileRef = 2BED066A2442DC9900659CD4 /* WindowStateManager.swift */; };
		2BED066D2442E15C00659CD4 /* ApplicationDelegateWindowStateManager.swift in Sources */ = {isa = PBXBuildFile; fileRef = 2BED066C2442E15C00659CD4 /* ApplicationDelegateWindowStateManager.swift */; };
		2BED066F2443A01700659CD4 /* Router.swift in Sources */ = {isa = PBXBuildFile; fileRef = 2BED066E2443A01700659CD4 /* Router.swift */; };
		2BED06712443A0F300659CD4 /* ProfileLoginRouter.swift in Sources */ = {isa = PBXBuildFile; fileRef = 2BED06702443A0F300659CD4 /* ProfileLoginRouter.swift */; };
		2BED06732443A18000659CD4 /* MainProfileLoginRouter.swift in Sources */ = {isa = PBXBuildFile; fileRef = 2BED06722443A18000659CD4 /* MainProfileLoginRouter.swift */; };
		2BED06772443AE5700659CD4 /* PresenterFactory.swift in Sources */ = {isa = PBXBuildFile; fileRef = 2BED06762443AE5700659CD4 /* PresenterFactory.swift */; };
		2BED06792443C66200659CD4 /* ProfileLoginPresenterFactory.swift in Sources */ = {isa = PBXBuildFile; fileRef = 2BED06782443C66100659CD4 /* ProfileLoginPresenterFactory.swift */; };
		2BED067B2443C68600659CD4 /* MainProfileLoginPresenterFactory.swift in Sources */ = {isa = PBXBuildFile; fileRef = 2BED067A2443C68600659CD4 /* MainProfileLoginPresenterFactory.swift */; };
		2BED067D2443C90300659CD4 /* ProfileLoginViewFactory.swift in Sources */ = {isa = PBXBuildFile; fileRef = 2BED067C2443C90300659CD4 /* ProfileLoginViewFactory.swift */; };
		2BED067F2443C91A00659CD4 /* ViewFactory.swift in Sources */ = {isa = PBXBuildFile; fileRef = 2BED067E2443C91A00659CD4 /* ViewFactory.swift */; };
		2BED06812443C93600659CD4 /* MainProfileLoginViewFactory.swift in Sources */ = {isa = PBXBuildFile; fileRef = 2BED06802443C93600659CD4 /* MainProfileLoginViewFactory.swift */; };
		2BED0687244414B700659CD4 /* NSAttributedString.swift in Sources */ = {isa = PBXBuildFile; fileRef = 2BED0686244414B700659CD4 /* NSAttributedString.swift */; };
		2BF57B1C23431CA600B617B1 /* ProfileMenuViewController.swift in Sources */ = {isa = PBXBuildFile; fileRef = 2BF57B1B23431CA600B617B1 /* ProfileMenuViewController.swift */; };
/* End PBXBuildFile section */

/* Begin PBXContainerItemProxy section */
		2B581AF82314E7CB007D0D86 /* PBXContainerItemProxy */ = {
			isa = PBXContainerItemProxy;
			containerPortal = 2B581AD92314E7CA007D0D86 /* Project object */;
			proxyType = 1;
			remoteGlobalIDString = 2B581AE02314E7CA007D0D86;
			remoteInfo = "devicecontrol-ios";
		};
		2B581B032314E7CB007D0D86 /* PBXContainerItemProxy */ = {
			isa = PBXContainerItemProxy;
			containerPortal = 2B581AD92314E7CA007D0D86 /* Project object */;
			proxyType = 1;
			remoteGlobalIDString = 2B581AE02314E7CA007D0D86;
			remoteInfo = "devicecontrol-ios";
		};
/* End PBXContainerItemProxy section */

/* Begin PBXFileReference section */
		2B02347D244CED76001550CC /* ServerItem.swift */ = {isa = PBXFileReference; lastKnownFileType = sourcecode.swift; path = ServerItem.swift; sourceTree = "<group>"; };
		2B02347F244D094C001550CC /* ProfileLoginViewModel.swift */ = {isa = PBXFileReference; lastKnownFileType = sourcecode.swift; path = ProfileLoginViewModel.swift; sourceTree = "<group>"; };
		2B0D45B3244D3AA20051F8AB /* ValidationExtensions.swift */ = {isa = PBXFileReference; lastKnownFileType = sourcecode.swift; path = ValidationExtensions.swift; sourceTree = "<group>"; };
		2B0D45B5244FDE130051F8AB /* ProfileLoginViewModelValidator.swift */ = {isa = PBXFileReference; lastKnownFileType = sourcecode.swift; path = ProfileLoginViewModelValidator.swift; sourceTree = "<group>"; };
		2B0D45B7244FDE910051F8AB /* MainProfileLoginViewModelValidator.swift */ = {isa = PBXFileReference; lastKnownFileType = sourcecode.swift; path = MainProfileLoginViewModelValidator.swift; sourceTree = "<group>"; };
		2B0D45B9244FFB1F0051F8AB /* DefaultProfileServerMapperTests.swift */ = {isa = PBXFileReference; lastKnownFileType = sourcecode.swift; path = DefaultProfileServerMapperTests.swift; sourceTree = "<group>"; };
		2B1117152449436600AA839B /* UIColorExtensions.swift */ = {isa = PBXFileReference; lastKnownFileType = sourcecode.swift; path = UIColorExtensions.swift; sourceTree = "<group>"; };
		2B1185C02448289900D28B68 /* ProfileServerItemTableViewCell.swift */ = {isa = PBXFileReference; lastKnownFileType = sourcecode.swift; path = ProfileServerItemTableViewCell.swift; sourceTree = "<group>"; };
		2B19B6072364F06B00F5E8D5 /* DoorLock.swift */ = {isa = PBXFileReference; lastKnownFileType = sourcecode.swift; path = DoorLock.swift; sourceTree = "<group>"; };
		2B19B6092364FAA500F5E8D5 /* GasCylinder.swift */ = {isa = PBXFileReference; lastKnownFileType = sourcecode.swift; path = GasCylinder.swift; sourceTree = "<group>"; };
		2B19B60B2364FAEE00F5E8D5 /* WindowShade.swift */ = {isa = PBXFileReference; lastKnownFileType = sourcecode.swift; path = WindowShade.swift; sourceTree = "<group>"; };
		2B19B60E23662C4600F5E8D5 /* ProfileDevice.swift */ = {isa = PBXFileReference; lastKnownFileType = sourcecode.swift; path = ProfileDevice.swift; sourceTree = "<group>"; };
		2B19B61023664A5C00F5E8D5 /* EUI48AddressTests.swift */ = {isa = PBXFileReference; lastKnownFileType = sourcecode.swift; path = EUI48AddressTests.swift; sourceTree = "<group>"; };
		2B19B61223667E7100F5E8D5 /* DeviceMapper.swift */ = {isa = PBXFileReference; lastKnownFileType = sourcecode.swift; path = DeviceMapper.swift; sourceTree = "<group>"; };
		2B19B61423667F0300F5E8D5 /* ProfileDeviceMapper.swift */ = {isa = PBXFileReference; lastKnownFileType = sourcecode.swift; path = ProfileDeviceMapper.swift; sourceTree = "<group>"; };
		2B2CB88A23F8A1F700F78A5B /* ProfileRequestInterceptor.swift */ = {isa = PBXFileReference; lastKnownFileType = sourcecode.swift; path = ProfileRequestInterceptor.swift; sourceTree = "<group>"; };
		2B45D01F24267DD7003DCD47 /* ProfileLoginServiceTests.swift */ = {isa = PBXFileReference; lastKnownFileType = sourcecode.swift; path = ProfileLoginServiceTests.swift; sourceTree = "<group>"; };
		2B45D02524271C2A003DCD47 /* AlamofireOAuthApi.swift */ = {isa = PBXFileReference; lastKnownFileType = sourcecode.swift; path = AlamofireOAuthApi.swift; sourceTree = "<group>"; };
		2B45D029242861C4003DCD47 /* OAuthResourceOwnerGrantRequest.swift */ = {isa = PBXFileReference; lastKnownFileType = sourcecode.swift; path = OAuthResourceOwnerGrantRequest.swift; sourceTree = "<group>"; };
		2B45D02B2428628C003DCD47 /* OAuthRefreshTokenGrantRequest.swift */ = {isa = PBXFileReference; lastKnownFileType = sourcecode.swift; path = OAuthRefreshTokenGrantRequest.swift; sourceTree = "<group>"; };
		2B5430F6245D152600D598F2 /* AlamofireExtensions.swift */ = {isa = PBXFileReference; lastKnownFileType = sourcecode.swift; path = AlamofireExtensions.swift; sourceTree = "<group>"; };
		2B5430F8245D182E00D598F2 /* LoginRequest.swift */ = {isa = PBXFileReference; lastKnownFileType = sourcecode.swift; path = LoginRequest.swift; sourceTree = "<group>"; };
		2B5430FA245E0E0600D598F2 /* RequestProcessor.swift */ = {isa = PBXFileReference; lastKnownFileType = sourcecode.swift; path = RequestProcessor.swift; sourceTree = "<group>"; };
		2B5430FE245F2BF600D598F2 /* ApiFactory.swift */ = {isa = PBXFileReference; lastKnownFileType = sourcecode.swift; path = ApiFactory.swift; sourceTree = "<group>"; };
		2B543100245F2C4F00D598F2 /* AlamofireApiFactory.swift */ = {isa = PBXFileReference; lastKnownFileType = sourcecode.swift; path = AlamofireApiFactory.swift; sourceTree = "<group>"; };
		2B543102245F598200D598F2 /* ServerResolver.swift */ = {isa = PBXFileReference; lastKnownFileType = sourcecode.swift; path = ServerResolver.swift; sourceTree = "<group>"; };
		2B543104245F6F2D00D598F2 /* ProfileServerResolver.swift */ = {isa = PBXFileReference; lastKnownFileType = sourcecode.swift; path = ProfileServerResolver.swift; sourceTree = "<group>"; };
		2B543107246107E600D598F2 /* LoginActionViewController.swift */ = {isa = PBXFileReference; lastKnownFileType = sourcecode.swift; path = LoginActionViewController.swift; sourceTree = "<group>"; };
		2B543109246108B400D598F2 /* LoginActionView.swift */ = {isa = PBXFileReference; lastKnownFileType = sourcecode.swift; path = LoginActionView.swift; sourceTree = "<group>"; };
		2B54310B2461099D00D598F2 /* ProfileLoginRequestItem.swift */ = {isa = PBXFileReference; lastKnownFileType = sourcecode.swift; path = ProfileLoginRequestItem.swift; sourceTree = "<group>"; };
		2B54310D24610AF600D598F2 /* LoginActionPresenter.swift */ = {isa = PBXFileReference; lastKnownFileType = sourcecode.swift; path = LoginActionPresenter.swift; sourceTree = "<group>"; };
		2B54310F24610B0200D598F2 /* MainLoginActionPresenter.swift */ = {isa = PBXFileReference; lastKnownFileType = sourcecode.swift; path = MainLoginActionPresenter.swift; sourceTree = "<group>"; };
		2B54311124610B3F00D598F2 /* ProfileLoginRequestItemTableViewCell.swift */ = {isa = PBXFileReference; lastKnownFileType = sourcecode.swift; path = ProfileLoginRequestItemTableViewCell.swift; sourceTree = "<group>"; };
		2B5431132461225F00D598F2 /* SQLiteRequestLogItem.swift */ = {isa = PBXFileReference; lastKnownFileType = sourcecode.swift; path = SQLiteRequestLogItem.swift; sourceTree = "<group>"; };
		2B543115246122D600D598F2 /* RequestLogItem.swift */ = {isa = PBXFileReference; lastKnownFileType = sourcecode.swift; path = RequestLogItem.swift; sourceTree = "<group>"; };
		2B5431172462695200D598F2 /* LoginResult.swift */ = {isa = PBXFileReference; lastKnownFileType = sourcecode.swift; path = LoginResult.swift; sourceTree = "<group>"; };
		2B581AE12314E7CA007D0D86 /* devicecontrol-ios.app */ = {isa = PBXFileReference; explicitFileType = wrapper.application; includeInIndex = 0; path = "devicecontrol-ios.app"; sourceTree = BUILT_PRODUCTS_DIR; };
		2B581AE42314E7CA007D0D86 /* AppDelegate.swift */ = {isa = PBXFileReference; lastKnownFileType = sourcecode.swift; path = AppDelegate.swift; sourceTree = "<group>"; };
		2B581AED2314E7CB007D0D86 /* Assets.xcassets */ = {isa = PBXFileReference; lastKnownFileType = folder.assetcatalog; path = Assets.xcassets; sourceTree = "<group>"; };
		2B581AF02314E7CB007D0D86 /* Base */ = {isa = PBXFileReference; lastKnownFileType = file.storyboard; name = Base; path = Base.lproj/LaunchScreen.storyboard; sourceTree = "<group>"; };
		2B581AF22314E7CB007D0D86 /* Info.plist */ = {isa = PBXFileReference; lastKnownFileType = text.plist.xml; path = Info.plist; sourceTree = "<group>"; };
		2B581AF72314E7CB007D0D86 /* devicecontrol-iosTests.xctest */ = {isa = PBXFileReference; explicitFileType = wrapper.cfbundle; includeInIndex = 0; path = "devicecontrol-iosTests.xctest"; sourceTree = BUILT_PRODUCTS_DIR; };
		2B581AFB2314E7CB007D0D86 /* devicecontrol_iosTests.swift */ = {isa = PBXFileReference; lastKnownFileType = sourcecode.swift; path = devicecontrol_iosTests.swift; sourceTree = "<group>"; };
		2B581AFD2314E7CB007D0D86 /* Info.plist */ = {isa = PBXFileReference; lastKnownFileType = text.plist.xml; path = Info.plist; sourceTree = "<group>"; };
		2B581B022314E7CB007D0D86 /* devicecontrol-iosUITests.xctest */ = {isa = PBXFileReference; explicitFileType = wrapper.cfbundle; includeInIndex = 0; path = "devicecontrol-iosUITests.xctest"; sourceTree = BUILT_PRODUCTS_DIR; };
		2B581B062314E7CB007D0D86 /* devicecontrol_iosUITests.swift */ = {isa = PBXFileReference; lastKnownFileType = sourcecode.swift; path = devicecontrol_iosUITests.swift; sourceTree = "<group>"; };
		2B581B082314E7CB007D0D86 /* Info.plist */ = {isa = PBXFileReference; lastKnownFileType = text.plist.xml; path = Info.plist; sourceTree = "<group>"; };
		2B63D2EC243C42BC0072ECB3 /* ScanningNearbyProfileService.swift */ = {isa = PBXFileReference; lastKnownFileType = sourcecode.swift; path = ScanningNearbyProfileService.swift; sourceTree = "<group>"; };
		2B63D2EE243C488B0072ECB3 /* MulticastNearbyProfileScanner.swift */ = {isa = PBXFileReference; lastKnownFileType = sourcecode.swift; path = MulticastNearbyProfileScanner.swift; sourceTree = "<group>"; };
		2B63D2FD243D85310072ECB3 /* MulticastNearbyProfileScannerTests.swift */ = {isa = PBXFileReference; lastKnownFileType = sourcecode.swift; path = MulticastNearbyProfileScannerTests.swift; sourceTree = "<group>"; };
		2B6D7E3A2320C5EF00081579 /* MainViewController.swift */ = {isa = PBXFileReference; lastKnownFileType = sourcecode.swift; path = MainViewController.swift; sourceTree = "<group>"; };
		2B6D7E3C2320C7FE00081579 /* HomeViewController.swift */ = {isa = PBXFileReference; lastKnownFileType = sourcecode.swift; path = HomeViewController.swift; sourceTree = "<group>"; };
		2B6D7E3E2320C81000081579 /* DevicesViewController.swift */ = {isa = PBXFileReference; lastKnownFileType = sourcecode.swift; path = DevicesViewController.swift; sourceTree = "<group>"; };
		2B6D7E402320C82000081579 /* SettingsViewController.swift */ = {isa = PBXFileReference; lastKnownFileType = sourcecode.swift; path = SettingsViewController.swift; sourceTree = "<group>"; };
		2B72E626235235E400F85258 /* Device.swift */ = {isa = PBXFileReference; lastKnownFileType = sourcecode.swift; path = Device.swift; sourceTree = "<group>"; };
		2B72E6282352375000F85258 /* DeviceType.swift */ = {isa = PBXFileReference; lastKnownFileType = sourcecode.swift; path = DeviceType.swift; sourceTree = "<group>"; };
		2B72E62A23523B5E00F85258 /* EUI48Address.swift */ = {isa = PBXFileReference; lastKnownFileType = sourcecode.swift; path = EUI48Address.swift; sourceTree = "<group>"; };
		2B72E62C23523EF800F85258 /* CachedDevice.swift */ = {isa = PBXFileReference; lastKnownFileType = sourcecode.swift; path = CachedDevice.swift; sourceTree = "<group>"; };
		2B72E62F235245AF00F85258 /* ProfileApi.swift */ = {isa = PBXFileReference; lastKnownFileType = sourcecode.swift; path = ProfileApi.swift; sourceTree = "<group>"; };
		2B72E6352352497C00F85258 /* ProfileDevicesPresenter.swift */ = {isa = PBXFileReference; lastKnownFileType = sourcecode.swift; path = ProfileDevicesPresenter.swift; sourceTree = "<group>"; };
		2B72E63723524BF300F85258 /* DevicesView.swift */ = {isa = PBXFileReference; lastKnownFileType = sourcecode.swift; path = DevicesView.swift; sourceTree = "<group>"; };
		2B72E6392352DD3C00F85258 /* ProfileDeviceService.swift */ = {isa = PBXFileReference; lastKnownFileType = sourcecode.swift; path = ProfileDeviceService.swift; sourceTree = "<group>"; };
		2B72E63D2352E80E00F85258 /* CacheFactory.swift */ = {isa = PBXFileReference; lastKnownFileType = sourcecode.swift; path = CacheFactory.swift; sourceTree = "<group>"; };
		2B72E63F2352E98500F85258 /* UserDefaultsCacheFactory.swift */ = {isa = PBXFileReference; lastKnownFileType = sourcecode.swift; path = UserDefaultsCacheFactory.swift; sourceTree = "<group>"; };
		2B7343AB23220B930096DED4 /* UIImageExtensions.swift */ = {isa = PBXFileReference; lastKnownFileType = sourcecode.swift; path = UIImageExtensions.swift; sourceTree = "<group>"; };
		2B7343AD23229DEE0096DED4 /* fa-solid-900.ttf */ = {isa = PBXFileReference; lastKnownFileType = file; path = "fa-solid-900.ttf"; sourceTree = "<group>"; };
		2B74109D24550F5E00D5FC42 /* kcommon.framework */ = {isa = PBXFileReference; lastKnownFileType = wrapper.framework; name = kcommon.framework; path = ../kfarcommon/build/bin/ios/releaseFramework/kcommon.framework; sourceTree = "<group>"; };
		2B7410A5245510F300D5FC42 /* kcommon.framework */ = {isa = PBXFileReference; lastKnownFileType = wrapper.framework; name = kcommon.framework; path = kcommon/kcommon.framework; sourceTree = "<group>"; };
		2B758696234BCC45006B2E56 /* DeviceService.swift */ = {isa = PBXFileReference; lastKnownFileType = sourcecode.swift; path = DeviceService.swift; sourceTree = "<group>"; };
		2B758698234BD057006B2E56 /* DevicesPresenter.swift */ = {isa = PBXFileReference; lastKnownFileType = sourcecode.swift; path = DevicesPresenter.swift; sourceTree = "<group>"; };
		2B75869C234BD444006B2E56 /* Message.swift */ = {isa = PBXFileReference; lastKnownFileType = sourcecode.swift; path = Message.swift; sourceTree = "<group>"; };
		2B7A75E924395753007C01A2 /* PermissionType.swift */ = {isa = PBXFileReference; lastKnownFileType = sourcecode.swift; path = PermissionType.swift; sourceTree = "<group>"; };
		2B7A75EB24396596007C01A2 /* ProfileServer.swift */ = {isa = PBXFileReference; lastKnownFileType = sourcecode.swift; path = ProfileServer.swift; sourceTree = "<group>"; };
		2B7A75ED243966EB007C01A2 /* SQLiteProfileServer.swift */ = {isa = PBXFileReference; lastKnownFileType = sourcecode.swift; path = SQLiteProfileServer.swift; sourceTree = "<group>"; };
		2B7A75EF24396E17007C01A2 /* LoginTokenRepository.swift */ = {isa = PBXFileReference; lastKnownFileType = sourcecode.swift; path = LoginTokenRepository.swift; sourceTree = "<group>"; };
		2B7A75F124397B5D007C01A2 /* SQLiteLoginToken.swift */ = {isa = PBXFileReference; lastKnownFileType = sourcecode.swift; path = SQLiteLoginToken.swift; sourceTree = "<group>"; };
		2B7A75F3243995F0007C01A2 /* SQLiteProfileLogin.swift */ = {isa = PBXFileReference; lastKnownFileType = sourcecode.swift; path = SQLiteProfileLogin.swift; sourceTree = "<group>"; };
		2B7A75F52439A37F007C01A2 /* SQLiteTable.swift */ = {isa = PBXFileReference; lastKnownFileType = sourcecode.swift; path = SQLiteTable.swift; sourceTree = "<group>"; };
		2B7A75FE243A84B2007C01A2 /* RepositoryFactory.swift */ = {isa = PBXFileReference; lastKnownFileType = sourcecode.swift; path = RepositoryFactory.swift; sourceTree = "<group>"; };
		2B7A7600243A8520007C01A2 /* SQLiteRepositoryFactory.swift */ = {isa = PBXFileReference; lastKnownFileType = sourcecode.swift; path = SQLiteRepositoryFactory.swift; sourceTree = "<group>"; };
		2B7A7602243A8B2A007C01A2 /* SQLiteLoginTokenRepsitory.swift */ = {isa = PBXFileReference; lastKnownFileType = sourcecode.swift; path = SQLiteLoginTokenRepsitory.swift; sourceTree = "<group>"; };
		2B7A7604243AB7FF007C01A2 /* NearbyProfileService.swift */ = {isa = PBXFileReference; lastKnownFileType = sourcecode.swift; path = NearbyProfileService.swift; sourceTree = "<group>"; };
		2B7A7606243ABAFC007C01A2 /* ServiceBeaconMessage.swift */ = {isa = PBXFileReference; lastKnownFileType = sourcecode.swift; path = ServiceBeaconMessage.swift; sourceTree = "<group>"; };
		2B7A760B243AF385007C01A2 /* NearbyProfileScanner.swift */ = {isa = PBXFileReference; lastKnownFileType = sourcecode.swift; path = NearbyProfileScanner.swift; sourceTree = "<group>"; };
		2B84698B234EBC8E00234153 /* CachedMessage.swift */ = {isa = PBXFileReference; lastKnownFileType = sourcecode.swift; path = CachedMessage.swift; sourceTree = "<group>"; };
		2B84698D234EC50800234153 /* SerializationTests.swift */ = {isa = PBXFileReference; lastKnownFileType = sourcecode.swift; path = SerializationTests.swift; sourceTree = "<group>"; };
		2B86C56E23F6677A00D502A2 /* View.swift */ = {isa = PBXFileReference; lastKnownFileType = sourcecode.swift; path = View.swift; sourceTree = "<group>"; };
		2B86C57123F6737D00D502A2 /* LoginService.swift */ = {isa = PBXFileReference; lastKnownFileType = sourcecode.swift; path = LoginService.swift; sourceTree = "<group>"; };
		2B86C57323F6741300D502A2 /* ProfileLoginService.swift */ = {isa = PBXFileReference; lastKnownFileType = sourcecode.swift; path = ProfileLoginService.swift; sourceTree = "<group>"; };
		2B86C57523F6753500D502A2 /* MenuPresenter.swift */ = {isa = PBXFileReference; lastKnownFileType = sourcecode.swift; path = MenuPresenter.swift; sourceTree = "<group>"; };
		2B86C57723F6754700D502A2 /* ProfileMenuPresenter.swift */ = {isa = PBXFileReference; lastKnownFileType = sourcecode.swift; path = ProfileMenuPresenter.swift; sourceTree = "<group>"; };
		2B86C57923F675D300D502A2 /* MenuView.swift */ = {isa = PBXFileReference; lastKnownFileType = sourcecode.swift; path = MenuView.swift; sourceTree = "<group>"; };
		2B8CFBC22341A30B000B7628 /* ProfileLogin.swift */ = {isa = PBXFileReference; lastKnownFileType = sourcecode.swift; path = ProfileLogin.swift; sourceTree = "<group>"; };
		2B8CFBC62341A6F7000B7628 /* Permission.swift */ = {isa = PBXFileReference; lastKnownFileType = sourcecode.swift; path = Permission.swift; sourceTree = "<group>"; };
		2B8EA92C231A378900B404AF /* User.swift */ = {isa = PBXFileReference; lastKnownFileType = sourcecode.swift; path = User.swift; sourceTree = "<group>"; };
		2B8EA932231DB1D300B404AF /* Cache.swift */ = {isa = PBXFileReference; lastKnownFileType = sourcecode.swift; path = Cache.swift; sourceTree = "<group>"; };
		2B8EA934231DB2C800B404AF /* UserDefaultsCache.swift */ = {isa = PBXFileReference; lastKnownFileType = sourcecode.swift; path = UserDefaultsCache.swift; sourceTree = "<group>"; };
		2BA05C562405ED190033F91F /* LoginToken.swift */ = {isa = PBXFileReference; lastKnownFileType = sourcecode.swift; path = LoginToken.swift; sourceTree = "<group>"; };
		2BA05C582406590D0033F91F /* OAuthApi.swift */ = {isa = PBXFileReference; lastKnownFileType = sourcecode.swift; path = OAuthApi.swift; sourceTree = "<group>"; };
		2BA237B8242FB930000B1F14 /* ProfileLoginRepository.swift */ = {isa = PBXFileReference; lastKnownFileType = sourcecode.swift; path = ProfileLoginRepository.swift; sourceTree = "<group>"; };
		2BA237BE242FBFA6000B1F14 /* SQLiteProfileLoginRepository.swift */ = {isa = PBXFileReference; lastKnownFileType = sourcecode.swift; path = SQLiteProfileLoginRepository.swift; sourceTree = "<group>"; };
		2BA237C424343BB2000B1F14 /* InMemoryCache.swift */ = {isa = PBXFileReference; lastKnownFileType = sourcecode.swift; path = InMemoryCache.swift; sourceTree = "<group>"; };
		2BA237C624344181000B1F14 /* InMemoryCacheFactory.swift */ = {isa = PBXFileReference; lastKnownFileType = sourcecode.swift; path = InMemoryCacheFactory.swift; sourceTree = "<group>"; };
		2BA4B0CB23FA2C1A00A3FC6A /* ProfileLoginitem.swift */ = {isa = PBXFileReference; lastKnownFileType = sourcecode.swift; path = ProfileLoginitem.swift; sourceTree = "<group>"; };
		2BA8A68F242AFEF800B16588 /* NearbyProfileLoginViewController.swift */ = {isa = PBXFileReference; lastKnownFileType = sourcecode.swift; path = NearbyProfileLoginViewController.swift; sourceTree = "<group>"; };
		2BA8A691242AFF8300B16588 /* NearbyProfileLoginView.swift */ = {isa = PBXFileReference; lastKnownFileType = sourcecode.swift; path = NearbyProfileLoginView.swift; sourceTree = "<group>"; };
		2BA8A693242B008200B16588 /* NearbyProfileLoginPresenter.swift */ = {isa = PBXFileReference; lastKnownFileType = sourcecode.swift; path = NearbyProfileLoginPresenter.swift; sourceTree = "<group>"; };
		2BA8A695242B02C000B16588 /* MainNearbyProfileLoginPresenter.swift */ = {isa = PBXFileReference; lastKnownFileType = sourcecode.swift; path = MainNearbyProfileLoginPresenter.swift; sourceTree = "<group>"; };
		2BA8A697242B057000B16588 /* EditProfileLoginViewController.swift */ = {isa = PBXFileReference; lastKnownFileType = sourcecode.swift; path = EditProfileLoginViewController.swift; sourceTree = "<group>"; };
		2BA8A699242B058000B16588 /* EditProfileLoginView.swift */ = {isa = PBXFileReference; lastKnownFileType = sourcecode.swift; path = EditProfileLoginView.swift; sourceTree = "<group>"; };
		2BA8A69B242B059700B16588 /* EditProfileLoginPresenter.swift */ = {isa = PBXFileReference; lastKnownFileType = sourcecode.swift; path = EditProfileLoginPresenter.swift; sourceTree = "<group>"; };
		2BA8A69D242B05BA00B16588 /* MainEditProfileLoginPresenter.swift */ = {isa = PBXFileReference; lastKnownFileType = sourcecode.swift; path = MainEditProfileLoginPresenter.swift; sourceTree = "<group>"; };
		2BA8C7E22445619000393475 /* UIStackViewExtensions.swift */ = {isa = PBXFileReference; lastKnownFileType = sourcecode.swift; path = UIStackViewExtensions.swift; sourceTree = "<group>"; };
		2BBC941823712C8A004D507D /* Presenter.swift */ = {isa = PBXFileReference; lastKnownFileType = sourcecode.swift; path = Presenter.swift; sourceTree = "<group>"; };
		2BD09BFE235EA9C90044116C /* AlamofireProfileApi.swift */ = {isa = PBXFileReference; lastKnownFileType = sourcecode.swift; path = AlamofireProfileApi.swift; sourceTree = "<group>"; };
		2BE46DED2447F1700002EFEA /* GetStartedViewController.swift */ = {isa = PBXFileReference; lastKnownFileType = sourcecode.swift; path = GetStartedViewController.swift; sourceTree = "<group>"; };
		2BE46DF42447F5200002EFEA /* GetStartedPresenter.swift */ = {isa = PBXFileReference; lastKnownFileType = sourcecode.swift; path = GetStartedPresenter.swift; sourceTree = "<group>"; };
		2BE46DF62447F52C0002EFEA /* GetStartedView.swift */ = {isa = PBXFileReference; lastKnownFileType = sourcecode.swift; path = GetStartedView.swift; sourceTree = "<group>"; };
		2BE46DF82447F56F0002EFEA /* MainGetStartedPresenter.swift */ = {isa = PBXFileReference; lastKnownFileType = sourcecode.swift; path = MainGetStartedPresenter.swift; sourceTree = "<group>"; };
		2BED06592442142B00659CD4 /* AnyEncodable.swift */ = {isa = PBXFileReference; fileEncoding = 4; lastKnownFileType = sourcecode.swift; path = AnyEncodable.swift; sourceTree = "<group>"; };
		2BED065A2442142B00659CD4 /* AnyCodable.swift */ = {isa = PBXFileReference; fileEncoding = 4; lastKnownFileType = sourcecode.swift; path = AnyCodable.swift; sourceTree = "<group>"; };
		2BED065B2442142B00659CD4 /* AnyDecodable.swift */ = {isa = PBXFileReference; fileEncoding = 4; lastKnownFileType = sourcecode.swift; path = AnyDecodable.swift; sourceTree = "<group>"; };
		2BED066224424EDE00659CD4 /* ScanningNearbyProfileServiceListenerTests.swift */ = {isa = PBXFileReference; lastKnownFileType = sourcecode.swift; path = ScanningNearbyProfileServiceListenerTests.swift; sourceTree = "<group>"; };
		2BED0664244277A400659CD4 /* ProfileServerItem.swift */ = {isa = PBXFileReference; lastKnownFileType = sourcecode.swift; path = ProfileServerItem.swift; sourceTree = "<group>"; };
		2BED06662442826800659CD4 /* ProfileLoginMapper.swift */ = {isa = PBXFileReference; lastKnownFileType = sourcecode.swift; path = ProfileLoginMapper.swift; sourceTree = "<group>"; };
		2BED0668244282B000659CD4 /* DefaultProfileServerMapper.swift */ = {isa = PBXFileReference; lastKnownFileType = sourcecode.swift; path = DefaultProfileServerMapper.swift; sourceTree = "<group>"; };
		2BED066A2442DC9900659CD4 /* WindowStateManager.swift */ = {isa = PBXFileReference; lastKnownFileType = sourcecode.swift; path = WindowStateManager.swift; sourceTree = "<group>"; };
		2BED066C2442E15C00659CD4 /* ApplicationDelegateWindowStateManager.swift */ = {isa = PBXFileReference; lastKnownFileType = sourcecode.swift; path = ApplicationDelegateWindowStateManager.swift; sourceTree = "<group>"; };
		2BED066E2443A01700659CD4 /* Router.swift */ = {isa = PBXFileReference; lastKnownFileType = sourcecode.swift; path = Router.swift; sourceTree = "<group>"; };
		2BED06702443A0F300659CD4 /* ProfileLoginRouter.swift */ = {isa = PBXFileReference; lastKnownFileType = sourcecode.swift; path = ProfileLoginRouter.swift; sourceTree = "<group>"; };
		2BED06722443A18000659CD4 /* MainProfileLoginRouter.swift */ = {isa = PBXFileReference; lastKnownFileType = sourcecode.swift; path = MainProfileLoginRouter.swift; sourceTree = "<group>"; };
		2BED06762443AE5700659CD4 /* PresenterFactory.swift */ = {isa = PBXFileReference; lastKnownFileType = sourcecode.swift; path = PresenterFactory.swift; sourceTree = "<group>"; };
		2BED06782443C66100659CD4 /* ProfileLoginPresenterFactory.swift */ = {isa = PBXFileReference; lastKnownFileType = sourcecode.swift; path = ProfileLoginPresenterFactory.swift; sourceTree = "<group>"; };
		2BED067A2443C68600659CD4 /* MainProfileLoginPresenterFactory.swift */ = {isa = PBXFileReference; lastKnownFileType = sourcecode.swift; path = MainProfileLoginPresenterFactory.swift; sourceTree = "<group>"; };
		2BED067C2443C90300659CD4 /* ProfileLoginViewFactory.swift */ = {isa = PBXFileReference; lastKnownFileType = sourcecode.swift; path = ProfileLoginViewFactory.swift; sourceTree = "<group>"; };
		2BED067E2443C91A00659CD4 /* ViewFactory.swift */ = {isa = PBXFileReference; lastKnownFileType = sourcecode.swift; path = ViewFactory.swift; sourceTree = "<group>"; };
		2BED06802443C93600659CD4 /* MainProfileLoginViewFactory.swift */ = {isa = PBXFileReference; lastKnownFileType = sourcecode.swift; path = MainProfileLoginViewFactory.swift; sourceTree = "<group>"; };
		2BED0686244414B700659CD4 /* NSAttributedString.swift */ = {isa = PBXFileReference; lastKnownFileType = sourcecode.swift; path = NSAttributedString.swift; sourceTree = "<group>"; };
		2BF57B1B23431CA600B617B1 /* ProfileMenuViewController.swift */ = {isa = PBXFileReference; lastKnownFileType = sourcecode.swift; path = ProfileMenuViewController.swift; sourceTree = "<group>"; };
/* End PBXFileReference section */

/* Begin PBXFrameworksBuildPhase section */
		2B581ADE2314E7CA007D0D86 /* Frameworks */ = {
			isa = PBXFrameworksBuildPhase;
			buildActionMask = 2147483647;
			files = (
				2B63D2F9243D7B7C0072ECB3 /* Alamofire in Frameworks */,
				2B63D2FC243D7C8F0072ECB3 /* NIO in Frameworks */,
				2B63D2F6243D7B590072ECB3 /* SQLite in Frameworks */,
				2B63D2F3243D78FB0072ECB3 /* SideMenu in Frameworks */,
			);
			runOnlyForDeploymentPostprocessing = 0;
		};
		2B581AF42314E7CB007D0D86 /* Frameworks */ = {
			isa = PBXFrameworksBuildPhase;
			buildActionMask = 2147483647;
			files = (
			);
			runOnlyForDeploymentPostprocessing = 0;
		};
		2B581AFF2314E7CB007D0D86 /* Frameworks */ = {
			isa = PBXFrameworksBuildPhase;
			buildActionMask = 2147483647;
			files = (
			);
			runOnlyForDeploymentPostprocessing = 0;
		};
/* End PBXFrameworksBuildPhase section */

/* Begin PBXGroup section */
		2B543106246107AB00D598F2 /* action */ = {
			isa = PBXGroup;
			children = (
				2B543107246107E600D598F2 /* LoginActionViewController.swift */,
				2B54310D24610AF600D598F2 /* LoginActionPresenter.swift */,
				2B543109246108B400D598F2 /* LoginActionView.swift */,
				2B54310F24610B0200D598F2 /* MainLoginActionPresenter.swift */,
				2B54311124610B3F00D598F2 /* ProfileLoginRequestItemTableViewCell.swift */,
			);
			path = action;
			sourceTree = "<group>";
		};
		2B581AD82314E7CA007D0D86 = {
			isa = PBXGroup;
			children = (
				2B581AE32314E7CA007D0D86 /* devicecontrol-ios */,
				2B581AFA2314E7CB007D0D86 /* devicecontrol-iosTests */,
				2B581B052314E7CB007D0D86 /* devicecontrol-iosUITests */,
				2B581AE22314E7CA007D0D86 /* Products */,
				2B8CFBBA2341808B000B7628 /* Frameworks */,
			);
			sourceTree = "<group>";
		};
		2B581AE22314E7CA007D0D86 /* Products */ = {
			isa = PBXGroup;
			children = (
				2B581AE12314E7CA007D0D86 /* devicecontrol-ios.app */,
				2B581AF72314E7CB007D0D86 /* devicecontrol-iosTests.xctest */,
				2B581B022314E7CB007D0D86 /* devicecontrol-iosUITests.xctest */,
			);
			name = Products;
			sourceTree = "<group>";
		};
		2B581AE32314E7CA007D0D86 /* devicecontrol-ios */ = {
			isa = PBXGroup;
			children = (
				2BED06572442140B00659CD4 /* util */,
				2B72E62E2352457400F85258 /* api */,
				2B7343AD23229DEE0096DED4 /* fa-solid-900.ttf */,
				2B6D7E392320C5D800081579 /* presentation */,
				2B8EA936231E128700B404AF /* service */,
				2B8EA92B231A365D00B404AF /* model */,
				2B8EA931231D9BD400B404AF /* data */,
				2B581AE42314E7CA007D0D86 /* AppDelegate.swift */,
				2B581AED2314E7CB007D0D86 /* Assets.xcassets */,
				2B581AEF2314E7CB007D0D86 /* LaunchScreen.storyboard */,
				2B581AF22314E7CB007D0D86 /* Info.plist */,
			);
			path = "devicecontrol-ios";
			sourceTree = "<group>";
		};
		2B581AFA2314E7CB007D0D86 /* devicecontrol-iosTests */ = {
			isa = PBXGroup;
			children = (
				2B581AFB2314E7CB007D0D86 /* devicecontrol_iosTests.swift */,
				2B581AFD2314E7CB007D0D86 /* Info.plist */,
				2B84698D234EC50800234153 /* SerializationTests.swift */,
				2B19B61023664A5C00F5E8D5 /* EUI48AddressTests.swift */,
				2B45D01F24267DD7003DCD47 /* ProfileLoginServiceTests.swift */,
				2B63D2FD243D85310072ECB3 /* MulticastNearbyProfileScannerTests.swift */,
				2BED066224424EDE00659CD4 /* ScanningNearbyProfileServiceListenerTests.swift */,
				2B0D45B9244FFB1F0051F8AB /* DefaultProfileServerMapperTests.swift */,
			);
			path = "devicecontrol-iosTests";
			sourceTree = "<group>";
		};
		2B581B052314E7CB007D0D86 /* devicecontrol-iosUITests */ = {
			isa = PBXGroup;
			children = (
				2B581B062314E7CB007D0D86 /* devicecontrol_iosUITests.swift */,
				2B581B082314E7CB007D0D86 /* Info.plist */,
			);
			path = "devicecontrol-iosUITests";
			sourceTree = "<group>";
		};
		2B6D7E392320C5D800081579 /* presentation */ = {
			isa = PBXGroup;
			children = (
				2B7343AA23220B640096DED4 /* extensions */,
				2BA8A68E242AFDDD00B16588 /* login */,
				2B86C57023F66D1B00D502A2 /* menu */,
				2B72E6342352488D00F85258 /* model */,
				2B72E6332352484200F85258 /* devices */,
				2B72E6322352483C00F85258 /* settings */,
				2B72E6312352483800F85258 /* home */,
				2B6D7E3A2320C5EF00081579 /* MainViewController.swift */,
				2BBC941823712C8A004D507D /* Presenter.swift */,
				2B86C56E23F6677A00D502A2 /* View.swift */,
				2BED066A2442DC9900659CD4 /* WindowStateManager.swift */,
				2BED066C2442E15C00659CD4 /* ApplicationDelegateWindowStateManager.swift */,
				2BED066E2443A01700659CD4 /* Router.swift */,
				2BED06762443AE5700659CD4 /* PresenterFactory.swift */,
				2BED067E2443C91A00659CD4 /* ViewFactory.swift */,
			);
			path = presentation;
			sourceTree = "<group>";
		};
		2B72E62E2352457400F85258 /* api */ = {
			isa = PBXGroup;
			children = (
				2B45D029242861C4003DCD47 /* OAuthResourceOwnerGrantRequest.swift */,
				2B45D02B2428628C003DCD47 /* OAuthRefreshTokenGrantRequest.swift */,
				2B2CB88A23F8A1F700F78A5B /* ProfileRequestInterceptor.swift */,
				2B72E62F235245AF00F85258 /* ProfileApi.swift */,
				2BD09BFE235EA9C90044116C /* AlamofireProfileApi.swift */,
				2BA05C582406590D0033F91F /* OAuthApi.swift */,
				2B45D02524271C2A003DCD47 /* AlamofireOAuthApi.swift */,
				2B5430F6245D152600D598F2 /* AlamofireExtensions.swift */,
				2B5430FA245E0E0600D598F2 /* RequestProcessor.swift */,
				2B5430FE245F2BF600D598F2 /* ApiFactory.swift */,
				2B543100245F2C4F00D598F2 /* AlamofireApiFactory.swift */,
				2B543102245F598200D598F2 /* ServerResolver.swift */,
				2B543104245F6F2D00D598F2 /* ProfileServerResolver.swift */,
				2B543115246122D600D598F2 /* RequestLogItem.swift */,
			);
			path = api;
			sourceTree = "<group>";
		};
		2B72E6312352483800F85258 /* home */ = {
			isa = PBXGroup;
			children = (
				2B6D7E3C2320C7FE00081579 /* HomeViewController.swift */,
			);
			path = home;
			sourceTree = "<group>";
		};
		2B72E6322352483C00F85258 /* settings */ = {
			isa = PBXGroup;
			children = (
				2B6D7E402320C82000081579 /* SettingsViewController.swift */,
			);
			path = settings;
			sourceTree = "<group>";
		};
		2B72E6332352484200F85258 /* devices */ = {
			isa = PBXGroup;
			children = (
				2B72E6352352497C00F85258 /* ProfileDevicesPresenter.swift */,
				2B19B61223667E7100F5E8D5 /* DeviceMapper.swift */,
				2B758698234BD057006B2E56 /* DevicesPresenter.swift */,
				2B6D7E3E2320C81000081579 /* DevicesViewController.swift */,
				2B72E63723524BF300F85258 /* DevicesView.swift */,
				2B19B61423667F0300F5E8D5 /* ProfileDeviceMapper.swift */,
			);
			path = devices;
			sourceTree = "<group>";
		};
		2B72E6342352488D00F85258 /* model */ = {
			isa = PBXGroup;
			children = (
				2B19B6072364F06B00F5E8D5 /* DoorLock.swift */,
				2B19B6092364FAA500F5E8D5 /* GasCylinder.swift */,
				2B19B60B2364FAEE00F5E8D5 /* WindowShade.swift */,
				2B19B60E23662C4600F5E8D5 /* ProfileDevice.swift */,
				2BA4B0CB23FA2C1A00A3FC6A /* ProfileLoginitem.swift */,
				2BED0664244277A400659CD4 /* ProfileServerItem.swift */,
				2B02347D244CED76001550CC /* ServerItem.swift */,
				2B02347F244D094C001550CC /* ProfileLoginViewModel.swift */,
				2B54310B2461099D00D598F2 /* ProfileLoginRequestItem.swift */,
			);
			path = model;
			sourceTree = "<group>";
		};
		2B7343AA23220B640096DED4 /* extensions */ = {
			isa = PBXGroup;
			children = (
				2B7343AB23220B930096DED4 /* UIImageExtensions.swift */,
				2BED0686244414B700659CD4 /* NSAttributedString.swift */,
				2BA8C7E22445619000393475 /* UIStackViewExtensions.swift */,
				2B1117152449436600AA839B /* UIColorExtensions.swift */,
				2B0D45B3244D3AA20051F8AB /* ValidationExtensions.swift */,
			);
			path = extensions;
			sourceTree = "<group>";
		};
		2B7A75FB243A845E007C01A2 /* userdefaults */ = {
			isa = PBXGroup;
			children = (
				2B8EA934231DB2C800B404AF /* UserDefaultsCache.swift */,
				2B72E63F2352E98500F85258 /* UserDefaultsCacheFactory.swift */,
			);
			path = userdefaults;
			sourceTree = "<group>";
		};
		2B7A75FC243A8469007C01A2 /* inmemory */ = {
			isa = PBXGroup;
			children = (
				2BA237C424343BB2000B1F14 /* InMemoryCache.swift */,
				2BA237C624344181000B1F14 /* InMemoryCacheFactory.swift */,
			);
			path = inmemory;
			sourceTree = "<group>";
		};
		2B7A75FD243A8491007C01A2 /* sqlite */ = {
			isa = PBXGroup;
			children = (
				2BA237BE242FBFA6000B1F14 /* SQLiteProfileLoginRepository.swift */,
				2B7A75ED243966EB007C01A2 /* SQLiteProfileServer.swift */,
				2B7A75F124397B5D007C01A2 /* SQLiteLoginToken.swift */,
				2B7A75F3243995F0007C01A2 /* SQLiteProfileLogin.swift */,
				2B7A75F52439A37F007C01A2 /* SQLiteTable.swift */,
				2B7A7600243A8520007C01A2 /* SQLiteRepositoryFactory.swift */,
				2B7A7602243A8B2A007C01A2 /* SQLiteLoginTokenRepsitory.swift */,
				2B5431132461225F00D598F2 /* SQLiteRequestLogItem.swift */,
			);
			path = sqlite;
			sourceTree = "<group>";
		};
		2B86C57023F66D1B00D502A2 /* menu */ = {
			isa = PBXGroup;
			children = (
				2BF57B1B23431CA600B617B1 /* ProfileMenuViewController.swift */,
				2B86C57523F6753500D502A2 /* MenuPresenter.swift */,
				2B86C57723F6754700D502A2 /* ProfileMenuPresenter.swift */,
				2B86C57923F675D300D502A2 /* MenuView.swift */,
			);
			path = menu;
			sourceTree = "<group>";
		};
		2B8CFBBA2341808B000B7628 /* Frameworks */ = {
			isa = PBXGroup;
			children = (
				2B7410A5245510F300D5FC42 /* kcommon.framework */,
				2B74109D24550F5E00D5FC42 /* kcommon.framework */,
			);
			name = Frameworks;
			sourceTree = "<group>";
		};
		2B8EA92B231A365D00B404AF /* model */ = {
			isa = PBXGroup;
			children = (
				2B8EA92C231A378900B404AF /* User.swift */,
				2B8CFBC22341A30B000B7628 /* ProfileLogin.swift */,
				2B8CFBC62341A6F7000B7628 /* Permission.swift */,
				2B75869C234BD444006B2E56 /* Message.swift */,
				2B84698B234EBC8E00234153 /* CachedMessage.swift */,
				2B72E626235235E400F85258 /* Device.swift */,
				2B72E6282352375000F85258 /* DeviceType.swift */,
				2B72E62A23523B5E00F85258 /* EUI48Address.swift */,
				2B72E62C23523EF800F85258 /* CachedDevice.swift */,
				2BA05C562405ED190033F91F /* LoginToken.swift */,
				2B7A75E924395753007C01A2 /* PermissionType.swift */,
				2B7A75EB24396596007C01A2 /* ProfileServer.swift */,
				2B7A7606243ABAFC007C01A2 /* ServiceBeaconMessage.swift */,
				2B5430F8245D182E00D598F2 /* LoginRequest.swift */,
				2B5431172462695200D598F2 /* LoginResult.swift */,
			);
			path = model;
			sourceTree = "<group>";
		};
		2B8EA931231D9BD400B404AF /* data */ = {
			isa = PBXGroup;
			children = (
				2BA237C324343B33000B1F14 /* cache */,
				2BA237C0242FC4F4000B1F14 /* repository */,
			);
			path = data;
			sourceTree = "<group>";
		};
		2B8EA936231E128700B404AF /* service */ = {
			isa = PBXGroup;
			children = (
				2B758696234BCC45006B2E56 /* DeviceService.swift */,
				2B72E6392352DD3C00F85258 /* ProfileDeviceService.swift */,
				2B86C57123F6737D00D502A2 /* LoginService.swift */,
				2B86C57323F6741300D502A2 /* ProfileLoginService.swift */,
				2B7A7604243AB7FF007C01A2 /* NearbyProfileService.swift */,
				2B7A760B243AF385007C01A2 /* NearbyProfileScanner.swift */,
				2B63D2EC243C42BC0072ECB3 /* ScanningNearbyProfileService.swift */,
				2B63D2EE243C488B0072ECB3 /* MulticastNearbyProfileScanner.swift */,
			);
			path = service;
			sourceTree = "<group>";
		};
		2BA237C0242FC4F4000B1F14 /* repository */ = {
			isa = PBXGroup;
			children = (
				2BA237B8242FB930000B1F14 /* ProfileLoginRepository.swift */,
				2B7A75EF24396E17007C01A2 /* LoginTokenRepository.swift */,
				2B7A75FE243A84B2007C01A2 /* RepositoryFactory.swift */,
				2B7A75FD243A8491007C01A2 /* sqlite */,
			);
			path = repository;
			sourceTree = "<group>";
		};
		2BA237C324343B33000B1F14 /* cache */ = {
			isa = PBXGroup;
			children = (
				2B8EA932231DB1D300B404AF /* Cache.swift */,
				2B72E63D2352E80E00F85258 /* CacheFactory.swift */,
				2B7A75FC243A8469007C01A2 /* inmemory */,
				2B7A75FB243A845E007C01A2 /* userdefaults */,
			);
			path = cache;
			sourceTree = "<group>";
		};
		2BA8A68E242AFDDD00B16588 /* login */ = {
			isa = PBXGroup;
			children = (
				2B543106246107AB00D598F2 /* action */,
				2BE46DF32447F1B00002EFEA /* edit */,
				2BE46DF22447F1960002EFEA /* nearby */,
				2BE46DEF2447F1770002EFEA /* getstarted */,
				2BED06662442826800659CD4 /* ProfileLoginMapper.swift */,
				2BED0668244282B000659CD4 /* DefaultProfileServerMapper.swift */,
				2BED06702443A0F300659CD4 /* ProfileLoginRouter.swift */,
				2BED06722443A18000659CD4 /* MainProfileLoginRouter.swift */,
				2BED06782443C66100659CD4 /* ProfileLoginPresenterFactory.swift */,
				2BED067A2443C68600659CD4 /* MainProfileLoginPresenterFactory.swift */,
				2BED067C2443C90300659CD4 /* ProfileLoginViewFactory.swift */,
				2BED06802443C93600659CD4 /* MainProfileLoginViewFactory.swift */,
			);
			path = login;
			sourceTree = "<group>";
		};
		2BE46DEF2447F1770002EFEA /* getstarted */ = {
			isa = PBXGroup;
			children = (
				2BE46DED2447F1700002EFEA /* GetStartedViewController.swift */,
				2BE46DF42447F5200002EFEA /* GetStartedPresenter.swift */,
				2BE46DF62447F52C0002EFEA /* GetStartedView.swift */,
				2BE46DF82447F56F0002EFEA /* MainGetStartedPresenter.swift */,
			);
			path = getstarted;
			sourceTree = "<group>";
		};
		2BE46DF22447F1960002EFEA /* nearby */ = {
			isa = PBXGroup;
			children = (
				2BA8A68F242AFEF800B16588 /* NearbyProfileLoginViewController.swift */,
				2BA8A691242AFF8300B16588 /* NearbyProfileLoginView.swift */,
				2BA8A693242B008200B16588 /* NearbyProfileLoginPresenter.swift */,
				2BA8A695242B02C000B16588 /* MainNearbyProfileLoginPresenter.swift */,
				2B1185C02448289900D28B68 /* ProfileServerItemTableViewCell.swift */,
			);
			path = nearby;
			sourceTree = "<group>";
		};
		2BE46DF32447F1B00002EFEA /* edit */ = {
			isa = PBXGroup;
			children = (
				2BA8A697242B057000B16588 /* EditProfileLoginViewController.swift */,
				2BA8A699242B058000B16588 /* EditProfileLoginView.swift */,
				2BA8A69B242B059700B16588 /* EditProfileLoginPresenter.swift */,
				2BA8A69D242B05BA00B16588 /* MainEditProfileLoginPresenter.swift */,
				2B0D45B5244FDE130051F8AB /* ProfileLoginViewModelValidator.swift */,
				2B0D45B7244FDE910051F8AB /* MainProfileLoginViewModelValidator.swift */,
			);
			path = edit;
			sourceTree = "<group>";
		};
		2BED06572442140B00659CD4 /* util */ = {
			isa = PBXGroup;
			children = (
				2BED065A2442142B00659CD4 /* AnyCodable.swift */,
				2BED065B2442142B00659CD4 /* AnyDecodable.swift */,
				2BED06592442142B00659CD4 /* AnyEncodable.swift */,
			);
			path = util;
			sourceTree = "<group>";
		};
/* End PBXGroup section */

/* Begin PBXNativeTarget section */
		2B581AE02314E7CA007D0D86 /* devicecontrol-ios */ = {
			isa = PBXNativeTarget;
			buildConfigurationList = 2B581B0B2314E7CB007D0D86 /* Build configuration list for PBXNativeTarget "devicecontrol-ios" */;
			buildPhases = (
				2B581ADD2314E7CA007D0D86 /* Sources */,
				2B581ADE2314E7CA007D0D86 /* Frameworks */,
				2B581ADF2314E7CA007D0D86 /* Resources */,
			);
			buildRules = (
			);
			dependencies = (
			);
			name = "devicecontrol-ios";
			packageProductDependencies = (
				2B63D2F2243D78FB0072ECB3 /* SideMenu */,
				2B63D2F5243D7B590072ECB3 /* SQLite */,
				2B63D2F8243D7B7C0072ECB3 /* Alamofire */,
				2B63D2FB243D7C8F0072ECB3 /* NIO */,
			);
			productName = "devicecontrol-ios";
			productReference = 2B581AE12314E7CA007D0D86 /* devicecontrol-ios.app */;
			productType = "com.apple.product-type.application";
		};
		2B581AF62314E7CB007D0D86 /* devicecontrol-iosTests */ = {
			isa = PBXNativeTarget;
			buildConfigurationList = 2B581B0E2314E7CB007D0D86 /* Build configuration list for PBXNativeTarget "devicecontrol-iosTests" */;
			buildPhases = (
				2B581AF32314E7CB007D0D86 /* Sources */,
				2B581AF42314E7CB007D0D86 /* Frameworks */,
				2B581AF52314E7CB007D0D86 /* Resources */,
			);
			buildRules = (
			);
			dependencies = (
				2B581AF92314E7CB007D0D86 /* PBXTargetDependency */,
			);
			name = "devicecontrol-iosTests";
			productName = "devicecontrol-iosTests";
			productReference = 2B581AF72314E7CB007D0D86 /* devicecontrol-iosTests.xctest */;
			productType = "com.apple.product-type.bundle.unit-test";
		};
		2B581B012314E7CB007D0D86 /* devicecontrol-iosUITests */ = {
			isa = PBXNativeTarget;
			buildConfigurationList = 2B581B112314E7CB007D0D86 /* Build configuration list for PBXNativeTarget "devicecontrol-iosUITests" */;
			buildPhases = (
				2B581AFE2314E7CB007D0D86 /* Sources */,
				2B581AFF2314E7CB007D0D86 /* Frameworks */,
				2B581B002314E7CB007D0D86 /* Resources */,
			);
			buildRules = (
			);
			dependencies = (
				2B581B042314E7CB007D0D86 /* PBXTargetDependency */,
			);
			name = "devicecontrol-iosUITests";
			productName = "devicecontrol-iosUITests";
			productReference = 2B581B022314E7CB007D0D86 /* devicecontrol-iosUITests.xctest */;
			productType = "com.apple.product-type.bundle.ui-testing";
		};
/* End PBXNativeTarget section */

/* Begin PBXProject section */
		2B581AD92314E7CA007D0D86 /* Project object */ = {
			isa = PBXProject;
			attributes = {
				LastSwiftUpdateCheck = 1030;
				LastUpgradeCheck = 1030;
				ORGANIZATIONNAME = "Spoohapps, Inc.";
				TargetAttributes = {
					2B581AE02314E7CA007D0D86 = {
						CreatedOnToolsVersion = 10.3;
					};
					2B581AF62314E7CB007D0D86 = {
						CreatedOnToolsVersion = 10.3;
						TestTargetID = 2B581AE02314E7CA007D0D86;
					};
					2B581B012314E7CB007D0D86 = {
						CreatedOnToolsVersion = 10.3;
						TestTargetID = 2B581AE02314E7CA007D0D86;
					};
				};
			};
			buildConfigurationList = 2B581ADC2314E7CA007D0D86 /* Build configuration list for PBXProject "devicecontrol-ios" */;
			compatibilityVersion = "Xcode 9.3";
			developmentRegion = en;
			hasScannedForEncodings = 0;
			knownRegions = (
				en,
				Base,
			);
			mainGroup = 2B581AD82314E7CA007D0D86;
			packageReferences = (
				2B63D2F1243D78FB0072ECB3 /* XCRemoteSwiftPackageReference "SideMenu" */,
				2B63D2F4243D7B590072ECB3 /* XCRemoteSwiftPackageReference "SQLite.swift" */,
				2B63D2F7243D7B7C0072ECB3 /* XCRemoteSwiftPackageReference "Alamofire" */,
				2B63D2FA243D7C8F0072ECB3 /* XCRemoteSwiftPackageReference "swift-nio" */,
			);
			productRefGroup = 2B581AE22314E7CA007D0D86 /* Products */;
			projectDirPath = "";
			projectRoot = "";
			targets = (
				2B581AE02314E7CA007D0D86 /* devicecontrol-ios */,
				2B581AF62314E7CB007D0D86 /* devicecontrol-iosTests */,
				2B581B012314E7CB007D0D86 /* devicecontrol-iosUITests */,
			);
		};
/* End PBXProject section */

/* Begin PBXResourcesBuildPhase section */
		2B581ADF2314E7CA007D0D86 /* Resources */ = {
			isa = PBXResourcesBuildPhase;
			buildActionMask = 2147483647;
			files = (
				2B7343AE23229DEE0096DED4 /* fa-solid-900.ttf in Resources */,
				2B581AF12314E7CB007D0D86 /* LaunchScreen.storyboard in Resources */,
				2B581AEE2314E7CB007D0D86 /* Assets.xcassets in Resources */,
			);
			runOnlyForDeploymentPostprocessing = 0;
		};
		2B581AF52314E7CB007D0D86 /* Resources */ = {
			isa = PBXResourcesBuildPhase;
			buildActionMask = 2147483647;
			files = (
			);
			runOnlyForDeploymentPostprocessing = 0;
		};
		2B581B002314E7CB007D0D86 /* Resources */ = {
			isa = PBXResourcesBuildPhase;
			buildActionMask = 2147483647;
			files = (
			);
			runOnlyForDeploymentPostprocessing = 0;
		};
/* End PBXResourcesBuildPhase section */

/* Begin PBXSourcesBuildPhase section */
		2B581ADD2314E7CA007D0D86 /* Sources */ = {
			isa = PBXSourcesBuildPhase;
			buildActionMask = 2147483647;
			files = (
				2BED0687244414B700659CD4 /* NSAttributedString.swift in Sources */,
				2BE46DF72447F52C0002EFEA /* GetStartedView.swift in Sources */,
				2B54310A246108B400D598F2 /* LoginActionView.swift in Sources */,
				2B72E63823524BF300F85258 /* DevicesView.swift in Sources */,
				2B7A7605243AB7FF007C01A2 /* NearbyProfileService.swift in Sources */,
				2BA8A69C242B059700B16588 /* EditProfileLoginPresenter.swift in Sources */,
				2B19B60C2364FAEE00F5E8D5 /* WindowShade.swift in Sources */,
				2B758697234BCC45006B2E56 /* DeviceService.swift in Sources */,
				2B72E62D23523EF800F85258 /* CachedDevice.swift in Sources */,
				2B72E63A2352DD3C00F85258 /* ProfileDeviceService.swift in Sources */,
				2B543116246122D600D598F2 /* RequestLogItem.swift in Sources */,
				2BA8C7E32445619000393475 /* UIStackViewExtensions.swift in Sources */,
				2B5431182462695200D598F2 /* LoginResult.swift in Sources */,
				2B7A75FF243A84B2007C01A2 /* RepositoryFactory.swift in Sources */,
				2B1185C12448289900D28B68 /* ProfileServerItemTableViewCell.swift in Sources */,
				2B0D45B8244FDE910051F8AB /* MainProfileLoginViewModelValidator.swift in Sources */,
				2B72E63E2352E80E00F85258 /* CacheFactory.swift in Sources */,
				2BED067D2443C90300659CD4 /* ProfileLoginViewFactory.swift in Sources */,
				2BED065E2442142B00659CD4 /* AnyEncodable.swift in Sources */,
				2B0D45B6244FDE130051F8AB /* ProfileLoginViewModelValidator.swift in Sources */,
				2B72E6362352497C00F85258 /* ProfileDevicesPresenter.swift in Sources */,
				2BED067F2443C91A00659CD4 /* ViewFactory.swift in Sources */,
				2BED0665244277A400659CD4 /* ProfileServerItem.swift in Sources */,
				2BED066B2442DC9900659CD4 /* WindowStateManager.swift in Sources */,
				2B2CB88B23F8A1F700F78A5B /* ProfileRequestInterceptor.swift in Sources */,
				2BED067B2443C68600659CD4 /* MainProfileLoginPresenterFactory.swift in Sources */,
				2BA8A692242AFF8300B16588 /* NearbyProfileLoginView.swift in Sources */,
				2BA8A698242B057000B16588 /* EditProfileLoginViewController.swift in Sources */,
				2B02347E244CED76001550CC /* ServerItem.swift in Sources */,
				2B7A75F4243995F0007C01A2 /* SQLiteProfileLogin.swift in Sources */,
				2B72E627235235E400F85258 /* Device.swift in Sources */,
				2B5431142461225F00D598F2 /* SQLiteRequestLogItem.swift in Sources */,
				2B8EA92D231A378900B404AF /* User.swift in Sources */,
				2B7A7603243A8B2A007C01A2 /* SQLiteLoginTokenRepsitory.swift in Sources */,
				2BA8A690242AFEF800B16588 /* NearbyProfileLoginViewController.swift in Sources */,
				2B6D7E3D2320C7FE00081579 /* HomeViewController.swift in Sources */,
				2B543108246107E600D598F2 /* LoginActionViewController.swift in Sources */,
				2B86C56F23F6677A00D502A2 /* View.swift in Sources */,
				2B5430FF245F2BF600D598F2 /* ApiFactory.swift in Sources */,
				2B6D7E3F2320C81000081579 /* DevicesViewController.swift in Sources */,
				2BA237C524343BB2000B1F14 /* InMemoryCache.swift in Sources */,
				2BED06732443A18000659CD4 /* MainProfileLoginRouter.swift in Sources */,
				2B7A7607243ABAFC007C01A2 /* ServiceBeaconMessage.swift in Sources */,
				2BED06792443C66200659CD4 /* ProfileLoginPresenterFactory.swift in Sources */,
				2B8EA935231DB2C800B404AF /* UserDefaultsCache.swift in Sources */,
				2BA8A696242B02C000B16588 /* MainNearbyProfileLoginPresenter.swift in Sources */,
				2B0D45B4244D3AA20051F8AB /* ValidationExtensions.swift in Sources */,
				2B8CFBC32341A30B000B7628 /* ProfileLogin.swift in Sources */,
				2B7A75EC24396596007C01A2 /* ProfileServer.swift in Sources */,
				2BED065F2442142B00659CD4 /* AnyCodable.swift in Sources */,
				2B8EA933231DB1D300B404AF /* Cache.swift in Sources */,
				2BD09BFF235EA9C90044116C /* AlamofireProfileApi.swift in Sources */,
				2B7343AC23220B930096DED4 /* UIImageExtensions.swift in Sources */,
				2B72E630235245AF00F85258 /* ProfileApi.swift in Sources */,
				2B5430F7245D152600D598F2 /* AlamofireExtensions.swift in Sources */,
				2B63D2EF243C488B0072ECB3 /* MulticastNearbyProfileScanner.swift in Sources */,
				2B63D2ED243C42BC0072ECB3 /* ScanningNearbyProfileService.swift in Sources */,
				2BED0669244282B000659CD4 /* DefaultProfileServerMapper.swift in Sources */,
				2B7A7601243A8520007C01A2 /* SQLiteRepositoryFactory.swift in Sources */,
				2B581AE52314E7CA007D0D86 /* AppDelegate.swift in Sources */,
				2B86C57A23F675D300D502A2 /* MenuView.swift in Sources */,
				2B45D02A242861C4003DCD47 /* OAuthResourceOwnerGrantRequest.swift in Sources */,
				2BED06672442826800659CD4 /* ProfileLoginMapper.swift in Sources */,
				2BE46DF52447F5200002EFEA /* GetStartedPresenter.swift in Sources */,
				2BED066D2442E15C00659CD4 /* ApplicationDelegateWindowStateManager.swift in Sources */,
				2B72E6292352375000F85258 /* DeviceType.swift in Sources */,
				2B7A75EA24395753007C01A2 /* PermissionType.swift in Sources */,
				2B543105245F6F2D00D598F2 /* ProfileServerResolver.swift in Sources */,
				2B72E62B23523B5E00F85258 /* EUI48Address.swift in Sources */,
				2B86C57423F6741300D502A2 /* ProfileLoginService.swift in Sources */,
				2BA237BF242FBFA6000B1F14 /* SQLiteProfileLoginRepository.swift in Sources */,
				2BA237B9242FB930000B1F14 /* ProfileLoginRepository.swift in Sources */,
				2B7A760C243AF385007C01A2 /* NearbyProfileScanner.swift in Sources */,
				2B19B60F23662C4600F5E8D5 /* ProfileDevice.swift in Sources */,
				2BED066F2443A01700659CD4 /* Router.swift in Sources */,
				2B54310E24610AF600D598F2 /* LoginActionPresenter.swift in Sources */,
				2B72E6402352E98500F85258 /* UserDefaultsCacheFactory.swift in Sources */,
				2BA8A69E242B05BA00B16588 /* MainEditProfileLoginPresenter.swift in Sources */,
				2B86C57823F6754700D502A2 /* ProfileMenuPresenter.swift in Sources */,
				2B543101245F2C4F00D598F2 /* AlamofireApiFactory.swift in Sources */,
				2B84698C234EBC8E00234153 /* CachedMessage.swift in Sources */,
				2B543103245F598200D598F2 /* ServerResolver.swift in Sources */,
				2B7A75F62439A37F007C01A2 /* SQLiteTable.swift in Sources */,
				2BED06712443A0F300659CD4 /* ProfileLoginRouter.swift in Sources */,
				2BA05C572405ED190033F91F /* LoginToken.swift in Sources */,
				2BA8A694242B008200B16588 /* NearbyProfileLoginPresenter.swift in Sources */,
				2B54311224610B3F00D598F2 /* ProfileLoginRequestItemTableViewCell.swift in Sources */,
				2B45D02C2428628C003DCD47 /* OAuthRefreshTokenGrantRequest.swift in Sources */,
				2B1117162449436600AA839B /* UIColorExtensions.swift in Sources */,
				2B54311024610B0200D598F2 /* MainLoginActionPresenter.swift in Sources */,
				2B86C57623F6753500D502A2 /* MenuPresenter.swift in Sources */,
				2B6D7E412320C82000081579 /* SettingsViewController.swift in Sources */,
				2B7A75F024396E17007C01A2 /* LoginTokenRepository.swift in Sources */,
				2BA4B0CC23FA2C1A00A3FC6A /* ProfileLoginitem.swift in Sources */,
				2B19B6082364F06B00F5E8D5 /* DoorLock.swift in Sources */,
				2B5430FB245E0E0600D598F2 /* RequestProcessor.swift in Sources */,
				2B19B61323667E7100F5E8D5 /* DeviceMapper.swift in Sources */,
				2B8CFBC72341A6F7000B7628 /* Permission.swift in Sources */,
				2B45D02624271C2A003DCD47 /* AlamofireOAuthApi.swift in Sources */,
				2BE46DEE2447F1700002EFEA /* GetStartedViewController.swift in Sources */,
				2B19B61523667F0300F5E8D5 /* ProfileDeviceMapper.swift in Sources */,
				2B758699234BD057006B2E56 /* DevicesPresenter.swift in Sources */,
				2BED06772443AE5700659CD4 /* PresenterFactory.swift in Sources */,
				2B75869D234BD444006B2E56 /* Message.swift in Sources */,
				2BE46DF92447F56F0002EFEA /* MainGetStartedPresenter.swift in Sources */,
				2BA05C592406590D0033F91F /* OAuthApi.swift in Sources */,
				2B7A75F224397B5D007C01A2 /* SQLiteLoginToken.swift in Sources */,
				2BBC941923712C8A004D507D /* Presenter.swift in Sources */,
				2B023480244D094C001550CC /* ProfileLoginViewModel.swift in Sources */,
				2BF57B1C23431CA600B617B1 /* ProfileMenuViewController.swift in Sources */,
				2B54310C2461099D00D598F2 /* ProfileLoginRequestItem.swift in Sources */,
				2B86C57223F6737D00D502A2 /* LoginService.swift in Sources */,
				2BED06602442142B00659CD4 /* AnyDecodable.swift in Sources */,
				2BED06812443C93600659CD4 /* MainProfileLoginViewFactory.swift in Sources */,
				2BA8A69A242B058000B16588 /* EditProfileLoginView.swift in Sources */,
				2BA237C724344181000B1F14 /* InMemoryCacheFactory.swift in Sources */,
				2B19B60A2364FAA500F5E8D5 /* GasCylinder.swift in Sources */,
				2B7A75EE243966EB007C01A2 /* SQLiteProfileServer.swift in Sources */,
				2B6D7E3B2320C5EF00081579 /* MainViewController.swift in Sources */,
				2B5430F9245D182E00D598F2 /* LoginRequest.swift in Sources */,
			);
			runOnlyForDeploymentPostprocessing = 0;
		};
		2B581AF32314E7CB007D0D86 /* Sources */ = {
			isa = PBXSourcesBuildPhase;
			buildActionMask = 2147483647;
			files = (
				2B84698E234EC50800234153 /* SerializationTests.swift in Sources */,
				2B63D2FE243D85310072ECB3 /* MulticastNearbyProfileScannerTests.swift in Sources */,
				2B0D45BA244FFB1F0051F8AB /* DefaultProfileServerMapperTests.swift in Sources */,
				2B19B61123664A5C00F5E8D5 /* EUI48AddressTests.swift in Sources */,
				2BED066324424EDE00659CD4 /* ScanningNearbyProfileServiceListenerTests.swift in Sources */,
				2B581AFC2314E7CB007D0D86 /* devicecontrol_iosTests.swift in Sources */,
				2B45D02024267DD7003DCD47 /* ProfileLoginServiceTests.swift in Sources */,
			);
			runOnlyForDeploymentPostprocessing = 0;
		};
		2B581AFE2314E7CB007D0D86 /* Sources */ = {
			isa = PBXSourcesBuildPhase;
			buildActionMask = 2147483647;
			files = (
				2B581B072314E7CB007D0D86 /* devicecontrol_iosUITests.swift in Sources */,
			);
			runOnlyForDeploymentPostprocessing = 0;
		};
/* End PBXSourcesBuildPhase section */

/* Begin PBXTargetDependency section */
		2B581AF92314E7CB007D0D86 /* PBXTargetDependency */ = {
			isa = PBXTargetDependency;
			target = 2B581AE02314E7CA007D0D86 /* devicecontrol-ios */;
			targetProxy = 2B581AF82314E7CB007D0D86 /* PBXContainerItemProxy */;
		};
		2B581B042314E7CB007D0D86 /* PBXTargetDependency */ = {
			isa = PBXTargetDependency;
			target = 2B581AE02314E7CA007D0D86 /* devicecontrol-ios */;
			targetProxy = 2B581B032314E7CB007D0D86 /* PBXContainerItemProxy */;
		};
/* End PBXTargetDependency section */

/* Begin PBXVariantGroup section */
		2B581AEF2314E7CB007D0D86 /* LaunchScreen.storyboard */ = {
			isa = PBXVariantGroup;
			children = (
				2B581AF02314E7CB007D0D86 /* Base */,
			);
			name = LaunchScreen.storyboard;
			sourceTree = "<group>";
		};
/* End PBXVariantGroup section */

/* Begin XCBuildConfiguration section */
		2B581B092314E7CB007D0D86 /* Debug */ = {
			isa = XCBuildConfiguration;
			buildSettings = {
				ALWAYS_SEARCH_USER_PATHS = NO;
				CLANG_ANALYZER_NONNULL = YES;
				CLANG_ANALYZER_NUMBER_OBJECT_CONVERSION = YES_AGGRESSIVE;
				CLANG_CXX_LANGUAGE_STANDARD = "gnu++14";
				CLANG_CXX_LIBRARY = "libc++";
				CLANG_ENABLE_MODULES = YES;
				CLANG_ENABLE_OBJC_ARC = YES;
				CLANG_ENABLE_OBJC_WEAK = YES;
				CLANG_WARN_BLOCK_CAPTURE_AUTORELEASING = YES;
				CLANG_WARN_BOOL_CONVERSION = YES;
				CLANG_WARN_COMMA = YES;
				CLANG_WARN_CONSTANT_CONVERSION = YES;
				CLANG_WARN_DEPRECATED_OBJC_IMPLEMENTATIONS = YES;
				CLANG_WARN_DIRECT_OBJC_ISA_USAGE = YES_ERROR;
				CLANG_WARN_DOCUMENTATION_COMMENTS = YES;
				CLANG_WARN_EMPTY_BODY = YES;
				CLANG_WARN_ENUM_CONVERSION = YES;
				CLANG_WARN_INFINITE_RECURSION = YES;
				CLANG_WARN_INT_CONVERSION = YES;
				CLANG_WARN_NON_LITERAL_NULL_CONVERSION = YES;
				CLANG_WARN_OBJC_IMPLICIT_RETAIN_SELF = YES;
				CLANG_WARN_OBJC_LITERAL_CONVERSION = YES;
				CLANG_WARN_OBJC_ROOT_CLASS = YES_ERROR;
				CLANG_WARN_RANGE_LOOP_ANALYSIS = YES;
				CLANG_WARN_STRICT_PROTOTYPES = YES;
				CLANG_WARN_SUSPICIOUS_MOVE = YES;
				CLANG_WARN_UNGUARDED_AVAILABILITY = YES_AGGRESSIVE;
				CLANG_WARN_UNREACHABLE_CODE = YES;
				CLANG_WARN__DUPLICATE_METHOD_MATCH = YES;
				CODE_SIGN_IDENTITY = "iPhone Developer";
				COPY_PHASE_STRIP = NO;
				DEBUG_INFORMATION_FORMAT = dwarf;
				ENABLE_STRICT_OBJC_MSGSEND = YES;
				ENABLE_TESTABILITY = YES;
				GCC_C_LANGUAGE_STANDARD = gnu11;
				GCC_DYNAMIC_NO_PIC = NO;
				GCC_NO_COMMON_BLOCKS = YES;
				GCC_OPTIMIZATION_LEVEL = 0;
				GCC_PREPROCESSOR_DEFINITIONS = (
					"DEBUG=1",
					"$(inherited)",
				);
				GCC_WARN_64_TO_32_BIT_CONVERSION = YES;
				GCC_WARN_ABOUT_RETURN_TYPE = YES_ERROR;
				GCC_WARN_UNDECLARED_SELECTOR = YES;
				GCC_WARN_UNINITIALIZED_AUTOS = YES_AGGRESSIVE;
				GCC_WARN_UNUSED_FUNCTION = YES;
				GCC_WARN_UNUSED_VARIABLE = YES;
				IPHONEOS_DEPLOYMENT_TARGET = 12.4;
				MTL_ENABLE_DEBUG_INFO = INCLUDE_SOURCE;
				MTL_FAST_MATH = YES;
				ONLY_ACTIVE_ARCH = YES;
				SDKROOT = iphoneos;
				SWIFT_ACTIVE_COMPILATION_CONDITIONS = DEBUG;
				SWIFT_OPTIMIZATION_LEVEL = "-Onone";
			};
			name = Debug;
		};
		2B581B0A2314E7CB007D0D86 /* Release */ = {
			isa = XCBuildConfiguration;
			buildSettings = {
				ALWAYS_SEARCH_USER_PATHS = NO;
				CLANG_ANALYZER_NONNULL = YES;
				CLANG_ANALYZER_NUMBER_OBJECT_CONVERSION = YES_AGGRESSIVE;
				CLANG_CXX_LANGUAGE_STANDARD = "gnu++14";
				CLANG_CXX_LIBRARY = "libc++";
				CLANG_ENABLE_MODULES = YES;
				CLANG_ENABLE_OBJC_ARC = YES;
				CLANG_ENABLE_OBJC_WEAK = YES;
				CLANG_WARN_BLOCK_CAPTURE_AUTORELEASING = YES;
				CLANG_WARN_BOOL_CONVERSION = YES;
				CLANG_WARN_COMMA = YES;
				CLANG_WARN_CONSTANT_CONVERSION = YES;
				CLANG_WARN_DEPRECATED_OBJC_IMPLEMENTATIONS = YES;
				CLANG_WARN_DIRECT_OBJC_ISA_USAGE = YES_ERROR;
				CLANG_WARN_DOCUMENTATION_COMMENTS = YES;
				CLANG_WARN_EMPTY_BODY = YES;
				CLANG_WARN_ENUM_CONVERSION = YES;
				CLANG_WARN_INFINITE_RECURSION = YES;
				CLANG_WARN_INT_CONVERSION = YES;
				CLANG_WARN_NON_LITERAL_NULL_CONVERSION = YES;
				CLANG_WARN_OBJC_IMPLICIT_RETAIN_SELF = YES;
				CLANG_WARN_OBJC_LITERAL_CONVERSION = YES;
				CLANG_WARN_OBJC_ROOT_CLASS = YES_ERROR;
				CLANG_WARN_RANGE_LOOP_ANALYSIS = YES;
				CLANG_WARN_STRICT_PROTOTYPES = YES;
				CLANG_WARN_SUSPICIOUS_MOVE = YES;
				CLANG_WARN_UNGUARDED_AVAILABILITY = YES_AGGRESSIVE;
				CLANG_WARN_UNREACHABLE_CODE = YES;
				CLANG_WARN__DUPLICATE_METHOD_MATCH = YES;
				CODE_SIGN_IDENTITY = "iPhone Developer";
				COPY_PHASE_STRIP = NO;
				DEBUG_INFORMATION_FORMAT = "dwarf-with-dsym";
				ENABLE_NS_ASSERTIONS = NO;
				ENABLE_STRICT_OBJC_MSGSEND = YES;
				GCC_C_LANGUAGE_STANDARD = gnu11;
				GCC_NO_COMMON_BLOCKS = YES;
				GCC_WARN_64_TO_32_BIT_CONVERSION = YES;
				GCC_WARN_ABOUT_RETURN_TYPE = YES_ERROR;
				GCC_WARN_UNDECLARED_SELECTOR = YES;
				GCC_WARN_UNINITIALIZED_AUTOS = YES_AGGRESSIVE;
				GCC_WARN_UNUSED_FUNCTION = YES;
				GCC_WARN_UNUSED_VARIABLE = YES;
				IPHONEOS_DEPLOYMENT_TARGET = 12.4;
				MTL_ENABLE_DEBUG_INFO = NO;
				MTL_FAST_MATH = YES;
				SDKROOT = iphoneos;
				SWIFT_COMPILATION_MODE = wholemodule;
				SWIFT_OPTIMIZATION_LEVEL = "-O";
				VALIDATE_PRODUCT = YES;
			};
			name = Release;
		};
		2B581B0C2314E7CB007D0D86 /* Debug */ = {
			isa = XCBuildConfiguration;
			buildSettings = {
				ASSETCATALOG_COMPILER_APPICON_NAME = AppIcon;
				CODE_SIGN_STYLE = Automatic;
				DEVELOPMENT_TEAM = B96ZR2265S;
				FRAMEWORK_SEARCH_PATHS = (
					"$(inherited)",
					"$(PROJECT_DIR)/Carthage/Build/iOS",
					"$(PROJECT_DIR)/kcommon",
				);
				INFOPLIST_FILE = "devicecontrol-ios/Info.plist";
				LD_RUNPATH_SEARCH_PATHS = (
					"$(inherited)",
					"@executable_path/Frameworks",
				);
				PRODUCT_BUNDLE_IDENTIFIER = "com.spoohapps.devicecontrol-ios";
				PRODUCT_NAME = "$(TARGET_NAME)";
				SWIFT_VERSION = 5.0;
				TARGETED_DEVICE_FAMILY = "1,2";
			};
			name = Debug;
		};
		2B581B0D2314E7CB007D0D86 /* Release */ = {
			isa = XCBuildConfiguration;
			buildSettings = {
				ASSETCATALOG_COMPILER_APPICON_NAME = AppIcon;
				CODE_SIGN_STYLE = Automatic;
				DEVELOPMENT_TEAM = B96ZR2265S;
				FRAMEWORK_SEARCH_PATHS = (
					"$(inherited)",
					"$(PROJECT_DIR)/Carthage/Build/iOS",
					"$(PROJECT_DIR)/kcommon",
				);
				INFOPLIST_FILE = "devicecontrol-ios/Info.plist";
				LD_RUNPATH_SEARCH_PATHS = (
					"$(inherited)",
					"@executable_path/Frameworks",
				);
				PRODUCT_BUNDLE_IDENTIFIER = "com.spoohapps.devicecontrol-ios";
				PRODUCT_NAME = "$(TARGET_NAME)";
				SWIFT_VERSION = 5.0;
				TARGETED_DEVICE_FAMILY = "1,2";
			};
			name = Release;
		};
		2B581B0F2314E7CB007D0D86 /* Debug */ = {
			isa = XCBuildConfiguration;
			buildSettings = {
				ALWAYS_EMBED_SWIFT_STANDARD_LIBRARIES = YES;
				BUNDLE_LOADER = "$(TEST_HOST)";
				CODE_SIGN_STYLE = Automatic;
				INFOPLIST_FILE = "devicecontrol-iosTests/Info.plist";
				LD_RUNPATH_SEARCH_PATHS = (
					"$(inherited)",
					"@executable_path/Frameworks",
					"@loader_path/Frameworks",
				);
				PRODUCT_BUNDLE_IDENTIFIER = "com.spoohapps.devicecontrol-iosTests";
				PRODUCT_NAME = "$(TARGET_NAME)";
				SWIFT_VERSION = 5.0;
				TARGETED_DEVICE_FAMILY = "1,2";
				TEST_HOST = "$(BUILT_PRODUCTS_DIR)/devicecontrol-ios.app/devicecontrol-ios";
			};
			name = Debug;
		};
		2B581B102314E7CB007D0D86 /* Release */ = {
			isa = XCBuildConfiguration;
			buildSettings = {
				ALWAYS_EMBED_SWIFT_STANDARD_LIBRARIES = YES;
				BUNDLE_LOADER = "$(TEST_HOST)";
				CODE_SIGN_STYLE = Automatic;
				INFOPLIST_FILE = "devicecontrol-iosTests/Info.plist";
				LD_RUNPATH_SEARCH_PATHS = (
					"$(inherited)",
					"@executable_path/Frameworks",
					"@loader_path/Frameworks",
				);
				PRODUCT_BUNDLE_IDENTIFIER = "com.spoohapps.devicecontrol-iosTests";
				PRODUCT_NAME = "$(TARGET_NAME)";
				SWIFT_VERSION = 5.0;
				TARGETED_DEVICE_FAMILY = "1,2";
				TEST_HOST = "$(BUILT_PRODUCTS_DIR)/devicecontrol-ios.app/devicecontrol-ios";
			};
			name = Release;
		};
		2B581B122314E7CB007D0D86 /* Debug */ = {
			isa = XCBuildConfiguration;
			buildSettings = {
				ALWAYS_EMBED_SWIFT_STANDARD_LIBRARIES = YES;
				CODE_SIGN_STYLE = Automatic;
				INFOPLIST_FILE = "devicecontrol-iosUITests/Info.plist";
				LD_RUNPATH_SEARCH_PATHS = (
					"$(inherited)",
					"@executable_path/Frameworks",
					"@loader_path/Frameworks",
				);
				PRODUCT_BUNDLE_IDENTIFIER = "com.spoohapps.devicecontrol-iosUITests";
				PRODUCT_NAME = "$(TARGET_NAME)";
				SWIFT_VERSION = 5.0;
				TARGETED_DEVICE_FAMILY = "1,2";
				TEST_TARGET_NAME = "devicecontrol-ios";
			};
			name = Debug;
		};
		2B581B132314E7CB007D0D86 /* Release */ = {
			isa = XCBuildConfiguration;
			buildSettings = {
				ALWAYS_EMBED_SWIFT_STANDARD_LIBRARIES = YES;
				CODE_SIGN_STYLE = Automatic;
				INFOPLIST_FILE = "devicecontrol-iosUITests/Info.plist";
				LD_RUNPATH_SEARCH_PATHS = (
					"$(inherited)",
					"@executable_path/Frameworks",
					"@loader_path/Frameworks",
				);
				PRODUCT_BUNDLE_IDENTIFIER = "com.spoohapps.devicecontrol-iosUITests";
				PRODUCT_NAME = "$(TARGET_NAME)";
				SWIFT_VERSION = 5.0;
				TARGETED_DEVICE_FAMILY = "1,2";
				TEST_TARGET_NAME = "devicecontrol-ios";
			};
			name = Release;
		};
/* End XCBuildConfiguration section */

/* Begin XCConfigurationList section */
		2B581ADC2314E7CA007D0D86 /* Build configuration list for PBXProject "devicecontrol-ios" */ = {
			isa = XCConfigurationList;
			buildConfigurations = (
				2B581B092314E7CB007D0D86 /* Debug */,
				2B581B0A2314E7CB007D0D86 /* Release */,
			);
			defaultConfigurationIsVisible = 0;
			defaultConfigurationName = Release;
		};
		2B581B0B2314E7CB007D0D86 /* Build configuration list for PBXNativeTarget "devicecontrol-ios" */ = {
			isa = XCConfigurationList;
			buildConfigurations = (
				2B581B0C2314E7CB007D0D86 /* Debug */,
				2B581B0D2314E7CB007D0D86 /* Release */,
			);
			defaultConfigurationIsVisible = 0;
			defaultConfigurationName = Release;
		};
		2B581B0E2314E7CB007D0D86 /* Build configuration list for PBXNativeTarget "devicecontrol-iosTests" */ = {
			isa = XCConfigurationList;
			buildConfigurations = (
				2B581B0F2314E7CB007D0D86 /* Debug */,
				2B581B102314E7CB007D0D86 /* Release */,
			);
			defaultConfigurationIsVisible = 0;
			defaultConfigurationName = Release;
		};
		2B581B112314E7CB007D0D86 /* Build configuration list for PBXNativeTarget "devicecontrol-iosUITests" */ = {
			isa = XCConfigurationList;
			buildConfigurations = (
				2B581B122314E7CB007D0D86 /* Debug */,
				2B581B132314E7CB007D0D86 /* Release */,
			);
			defaultConfigurationIsVisible = 0;
			defaultConfigurationName = Release;
		};
/* End XCConfigurationList section */

/* Begin XCRemoteSwiftPackageReference section */
		2B63D2F1243D78FB0072ECB3 /* XCRemoteSwiftPackageReference "SideMenu" */ = {
			isa = XCRemoteSwiftPackageReference;
			repositoryURL = "https://github.com/jonkykong/SideMenu.git";
			requirement = {
				kind = upToNextMajorVersion;
				minimumVersion = 6.4.8;
			};
		};
		2B63D2F4243D7B590072ECB3 /* XCRemoteSwiftPackageReference "SQLite.swift" */ = {
			isa = XCRemoteSwiftPackageReference;
			repositoryURL = "https://github.com/stephencelis/SQLite.swift.git";
			requirement = {
				kind = upToNextMajorVersion;
				minimumVersion = 0.12.2;
			};
		};
		2B63D2F7243D7B7C0072ECB3 /* XCRemoteSwiftPackageReference "Alamofire" */ = {
			isa = XCRemoteSwiftPackageReference;
			repositoryURL = "https://github.com/Alamofire/Alamofire.git";
			requirement = {
				kind = upToNextMajorVersion;
				minimumVersion = 5.1.0;
			};
		};
		2B63D2FA243D7C8F0072ECB3 /* XCRemoteSwiftPackageReference "swift-nio" */ = {
			isa = XCRemoteSwiftPackageReference;
			repositoryURL = "https://github.com/apple/swift-nio.git";
			requirement = {
				kind = upToNextMajorVersion;
				minimumVersion = 2.16.0;
			};
		};
/* End XCRemoteSwiftPackageReference section */

/* Begin XCSwiftPackageProductDependency section */
		2B63D2F2243D78FB0072ECB3 /* SideMenu */ = {
			isa = XCSwiftPackageProductDependency;
			package = 2B63D2F1243D78FB0072ECB3 /* XCRemoteSwiftPackageReference "SideMenu" */;
			productName = SideMenu;
		};
		2B63D2F5243D7B590072ECB3 /* SQLite */ = {
			isa = XCSwiftPackageProductDependency;
			package = 2B63D2F4243D7B590072ECB3 /* XCRemoteSwiftPackageReference "SQLite.swift" */;
			productName = SQLite;
		};
		2B63D2F8243D7B7C0072ECB3 /* Alamofire */ = {
			isa = XCSwiftPackageProductDependency;
			package = 2B63D2F7243D7B7C0072ECB3 /* XCRemoteSwiftPackageReference "Alamofire" */;
			productName = Alamofire;
		};
		2B63D2FB243D7C8F0072ECB3 /* NIO */ = {
			isa = XCSwiftPackageProductDependency;
			package = 2B63D2FA243D7C8F0072ECB3 /* XCRemoteSwiftPackageReference "swift-nio" */;
			productName = NIO;
		};
/* End XCSwiftPackageProductDependency section */
	};
	rootObject = 2B581AD92314E7CA007D0D86 /* Project object */;
}
